// !$*UTF8*$!
{
	archiveVersion = 1;
	classes = {
	};
	objectVersion = 77;
	objects = {

/* Begin PBXContainerItemProxy section */
		DA30F2932ED9B85C0005FDF4 /* PBXContainerItemProxy */ = {
			isa = PBXContainerItemProxy;
			containerPortal = DA30F2742ED9B85B0005FDF4 /* Project object */;
			proxyType = 1;
			remoteGlobalIDString = DA30F27B2ED9B85B0005FDF4;
			remoteInfo = "Superhero Randomizer App";
		};
		DA30F29D2ED9B85C0005FDF4 /* PBXContainerItemProxy */ = {
			isa = PBXContainerItemProxy;
			containerPortal = DA30F2742ED9B85B0005FDF4 /* Project object */;
			proxyType = 1;
			remoteGlobalIDString = DA30F27B2ED9B85B0005FDF4;
			remoteInfo = "Superhero Randomizer App";
		};
/* End PBXContainerItemProxy section */

/* Begin PBXFileReference section */
		DA30F27C2ED9B85B0005FDF4 /* Superhero Randomizer App.app */ = {isa = PBXFileReference; explicitFileType = wrapper.application; includeInIndex = 0; path = "Superhero Randomizer App.app"; sourceTree = BUILT_PRODUCTS_DIR; };
		DA30F2922ED9B85C0005FDF4 /* Superhero Randomizer AppTests.xctest */ = {isa = PBXFileReference; explicitFileType = wrapper.cfbundle; includeInIndex = 0; path = "Superhero Randomizer AppTests.xctest"; sourceTree = BUILT_PRODUCTS_DIR; };
		DA30F29C2ED9B85C0005FDF4 /* Superhero Randomizer AppUITests.xctest */ = {isa = PBXFileReference; explicitFileType = wrapper.cfbundle; includeInIndex = 0; path = "Superhero Randomizer AppUITests.xctest"; sourceTree = BUILT_PRODUCTS_DIR; };
/* End PBXFileReference section */

/* Begin PBXFileSystemSynchronizedBuildFileExceptionSet section */
		DA30F2A42ED9B85C0005FDF4 /* Exceptions for "Superhero Randomizer App" folder in "Superhero Randomizer App" target */ = {
			isa = PBXFileSystemSynchronizedBuildFileExceptionSet;
			membershipExceptions = (
				Info.plist,
			);
			target = DA30F27B2ED9B85B0005FDF4 /* Superhero Randomizer App */;
		};
/* End PBXFileSystemSynchronizedBuildFileExceptionSet section */

/* Begin PBXFileSystemSynchronizedRootGroup section */
		DA30F27E2ED9B85B0005FDF4 /* Superhero Randomizer App */ = {
			isa = PBXFileSystemSynchronizedRootGroup;
			exceptions = (
				DA30F2A42ED9B85C0005FDF4 /* Exceptions for "Superhero Randomizer App" folder in "Superhero Randomizer App" target */,
			);
			path = "Superhero Randomizer App";
			sourceTree = "<group>";
		};
		DA30F2952ED9B85C0005FDF4 /* Superhero Randomizer AppTests */ = {
			isa = PBXFileSystemSynchronizedRootGroup;
			path = "Superhero Randomizer AppTests";
			sourceTree = "<group>";
		};
		DA30F29F2ED9B85C0005FDF4 /* Superhero Randomizer AppUITests */ = {
			isa = PBXFileSystemSynchronizedRootGroup;
			path = "Superhero Randomizer AppUITests";
			sourceTree = "<group>";
		};
/* End PBXFileSystemSynchronizedRootGroup section */

/* Begin PBXFrameworksBuildPhase section */
		DA30F2792ED9B85B0005FDF4 /* Frameworks */ = {
			isa = PBXFrameworksBuildPhase;
			buildActionMask = 2147483647;
			files = (
			);
			runOnlyForDeploymentPostprocessing = 0;
		};
		DA30F28F2ED9B85C0005FDF4 /* Frameworks */ = {
			isa = PBXFrameworksBuildPhase;
			buildActionMask = 2147483647;
			files = (
			);
			runOnlyForDeploymentPostprocessing = 0;
		};
		DA30F2992ED9B85C0005FDF4 /* Frameworks */ = {
			isa = PBXFrameworksBuildPhase;
			buildActionMask = 2147483647;
			files = (
			);
			runOnlyForDeploymentPostprocessing = 0;
		};
/* End PBXFrameworksBuildPhase section */

/* Begin PBXGroup section */
		DA30F2732ED9B85B0005FDF4 = {
			isa = PBXGroup;
			children = (
				DA30F27E2ED9B85B0005FDF4 /* Superhero Randomizer App */,
				DA30F2952ED9B85C0005FDF4 /* Superhero Randomizer AppTests */,
				DA30F29F2ED9B85C0005FDF4 /* Superhero Randomizer AppUITests */,
				DA30F27D2ED9B85B0005FDF4 /* Products */,
			);
			sourceTree = "<group>";
		};
		DA30F27D2ED9B85B0005FDF4 /* Products */ = {
			isa = PBXGroup;
			children = (
				DA30F27C2ED9B85B0005FDF4 /* Superhero Randomizer App.app */,
				DA30F2922ED9B85C0005FDF4 /* Superhero Randomizer AppTests.xctest */,
				DA30F29C2ED9B85C0005FDF4 /* Superhero Randomizer AppUITests.xctest */,
			);
			name = Products;
			sourceTree = "<group>";
		};
/* End PBXGroup section */

/* Begin PBXNativeTarget section */
		DA30F27B2ED9B85B0005FDF4 /* Superhero Randomizer App */ = {
			isa = PBXNativeTarget;
			buildConfigurationList = DA30F2A52ED9B85C0005FDF4 /* Build configuration list for PBXNativeTarget "Superhero Randomizer App" */;
			buildPhases = (
				DA30F2782ED9B85B0005FDF4 /* Sources */,
				DA30F2792ED9B85B0005FDF4 /* Frameworks */,
				DA30F27A2ED9B85B0005FDF4 /* Resources */,
			);
			buildRules = (
			);
			dependencies = (
			);
			fileSystemSynchronizedGroups = (
				DA30F27E2ED9B85B0005FDF4 /* Superhero Randomizer App */,
			);
			name = "Superhero Randomizer App";
			packageProductDependencies = (
			);
			productName = "Superhero Randomizer App";
			productReference = DA30F27C2ED9B85B0005FDF4 /* Superhero Randomizer App.app */;
			productType = "com.apple.product-type.application";
		};
		DA30F2912ED9B85C0005FDF4 /* Superhero Randomizer AppTests */ = {
			isa = PBXNativeTarget;
			buildConfigurationList = DA30F2AA2ED9B85C0005FDF4 /* Build configuration list for PBXNativeTarget "Superhero Randomizer AppTests" */;
			buildPhases = (
				DA30F28E2ED9B85C0005FDF4 /* Sources */,
				DA30F28F2ED9B85C0005FDF4 /* Frameworks */,
				DA30F2902ED9B85C0005FDF4 /* Resources */,
			);
			buildRules = (
			);
			dependencies = (
				DA30F2942ED9B85C0005FDF4 /* PBXTargetDependency */,
			);
			fileSystemSynchronizedGroups = (
				DA30F2952ED9B85C0005FDF4 /* Superhero Randomizer AppTests */,
			);
			name = "Superhero Randomizer AppTests";
			packageProductDependencies = (
			);
			productName = "Superhero Randomizer AppTests";
			productReference = DA30F2922ED9B85C0005FDF4 /* Superhero Randomizer AppTests.xctest */;
			productType = "com.apple.product-type.bundle.unit-test";
		};
		DA30F29B2ED9B85C0005FDF4 /* Superhero Randomizer AppUITests */ = {
			isa = PBXNativeTarget;
			buildConfigurationList = DA30F2AD2ED9B85C0005FDF4 /* Build configuration list for PBXNativeTarget "Superhero Randomizer AppUITests" */;
			buildPhases = (
				DA30F2982ED9B85C0005FDF4 /* Sources */,
				DA30F2992ED9B85C0005FDF4 /* Frameworks */,
				DA30F29A2ED9B85C0005FDF4 /* Resources */,
			);
			buildRules = (
			);
			dependencies = (
				DA30F29E2ED9B85C0005FDF4 /* PBXTargetDependency */,
			);
			fileSystemSynchronizedGroups = (
				DA30F29F2ED9B85C0005FDF4 /* Superhero Randomizer AppUITests */,
			);
			name = "Superhero Randomizer AppUITests";
			packageProductDependencies = (
			);
			productName = "Superhero Randomizer AppUITests";
			productReference = DA30F29C2ED9B85C0005FDF4 /* Superhero Randomizer AppUITests.xctest */;
			productType = "com.apple.product-type.bundle.ui-testing";
		};
/* End PBXNativeTarget section */

/* Begin PBXProject section */
		DA30F2742ED9B85B0005FDF4 /* Project object */ = {
			isa = PBXProject;
			attributes = {
				BuildIndependentTargetsInParallel = 1;
				LastSwiftUpdateCheck = 1620;
				LastUpgradeCheck = 1620;
				TargetAttributes = {
					DA30F27B2ED9B85B0005FDF4 = {
						CreatedOnToolsVersion = 16.2;
					};
					DA30F2912ED9B85C0005FDF4 = {
						CreatedOnToolsVersion = 16.2;
						TestTargetID = DA30F27B2ED9B85B0005FDF4;
					};
					DA30F29B2ED9B85C0005FDF4 = {
						CreatedOnToolsVersion = 16.2;
						TestTargetID = DA30F27B2ED9B85B0005FDF4;
					};
				};
			};
			buildConfigurationList = DA30F2772ED9B85B0005FDF4 /* Build configuration list for PBXProject "Superhero Randomizer App" */;
			developmentRegion = en;
			hasScannedForEncodings = 0;
			knownRegions = (
				en,
				Base,
			);
			mainGroup = DA30F2732ED9B85B0005FDF4;
			minimizedProjectReferenceProxies = 1;
			preferredProjectObjectVersion = 77;
			productRefGroup = DA30F27D2ED9B85B0005FDF4 /* Products */;
			projectDirPath = "";
			projectRoot = "";
			targets = (
				DA30F27B2ED9B85B0005FDF4 /* Superhero Randomizer App */,
				DA30F2912ED9B85C0005FDF4 /* Superhero Randomizer AppTests */,
				DA30F29B2ED9B85C0005FDF4 /* Superhero Randomizer AppUITests */,
			);
		};
/* End PBXProject section */

/* Begin PBXResourcesBuildPhase section */
		DA30F27A2ED9B85B0005FDF4 /* Resources */ = {
			isa = PBXResourcesBuildPhase;
			buildActionMask = 2147483647;
			files = (
			);
			runOnlyForDeploymentPostprocessing = 0;
		};
		DA30F2902ED9B85C0005FDF4 /* Resources */ = {
			isa = PBXResourcesBuildPhase;
			buildActionMask = 2147483647;
			files = (
			);
			runOnlyForDeploymentPostprocessing = 0;
		};
		DA30F29A2ED9B85C0005FDF4 /* Resources */ = {
			isa = PBXResourcesBuildPhase;
			buildActionMask = 2147483647;
			files = (
			);
			runOnlyForDeploymentPostprocessing = 0;
		};
/* End PBXResourcesBuildPhase section */

/* Begin PBXSourcesBuildPhase section */
		DA30F2782ED9B85B0005FDF4 /* Sources */ = {
			isa = PBXSourcesBuildPhase;
			buildActionMask = 2147483647;
			files = (
			);
			runOnlyForDeploymentPostprocessing = 0;
		};
		DA30F28E2ED9B85C0005FDF4 /* Sources */ = {
			isa = PBXSourcesBuildPhase;
			buildActionMask = 2147483647;
			files = (
			);
			runOnlyForDeploymentPostprocessing = 0;
		};
		DA30F2982ED9B85C0005FDF4 /* Sources */ = {
			isa = PBXSourcesBuildPhase;
			buildActionMask = 2147483647;
			files = (
			);
			runOnlyForDeploymentPostprocessing = 0;
		};
/* End PBXSourcesBuildPhase section */

/* Begin PBXTargetDependency section */
		DA30F2942ED9B85C0005FDF4 /* PBXTargetDependency */ = {
			isa = PBXTargetDependency;
			target = DA30F27B2ED9B85B0005FDF4 /* Superhero Randomizer App */;
			targetProxy = DA30F2932ED9B85C0005FDF4 /* PBXContainerItemProxy */;
		};
		DA30F29E2ED9B85C0005FDF4 /* PBXTargetDependency */ = {
			isa = PBXTargetDependency;
			target = DA30F27B2ED9B85B0005FDF4 /* Superhero Randomizer App */;
			targetProxy = DA30F29D2ED9B85C0005FDF4 /* PBXContainerItemProxy */;
		};
/* End PBXTargetDependency section */

/* Begin XCBuildConfiguration section */
		DA30F2A62ED9B85C0005FDF4 /* Debug */ = {
			isa = XCBuildConfiguration;
			buildSettings = {
				ASSETCATALOG_COMPILER_APPICON_NAME = AppIcon;
				ASSETCATALOG_COMPILER_GLOBAL_ACCENT_COLOR_NAME = AccentColor;
				CODE_SIGN_STYLE = Automatic;
				CURRENT_PROJECT_VERSION = 1;
				GENERATE_INFOPLIST_FILE = YES;
				INFOPLIST_FILE = "Superhero Randomizer App/Info.plist";
				INFOPLIST_KEY_UIApplicationSupportsIndirectInputEvents = YES;
				INFOPLIST_KEY_UILaunchStoryboardName = LaunchScreen;
				INFOPLIST_KEY_UIMainStoryboardFile = Main;
				INFOPLIST_KEY_UISupportedInterfaceOrientations_iPad = "UIInterfaceOrientationPortrait UIInterfaceOrientationPortraitUpsideDown UIInterfaceOrientationLandscapeLeft UIInterfaceOrientationLandscapeRight";
				INFOPLIST_KEY_UISupportedInterfaceOrientations_iPhone = "UIInterfaceOrientationPortrait UIInterfaceOrientationLandscapeLeft UIInterfaceOrientationLandscapeRight";
				LD_RUNPATH_SEARCH_PATHS = (
					"$(inherited)",
					"@executable_path/Frameworks",
				);
				MARKETING_VERSION = 1.0;
				PRODUCT_BUNDLE_IDENTIFIER = "labs.Superhero-Randomizer-App";
				PRODUCT_NAME = "$(TARGET_NAME)";
				SWIFT_EMIT_LOC_STRINGS = YES;
				SWIFT_VERSION = 5.0;
				TARGETED_DEVICE_FAMILY = "1,2";
			};
			name = Debug;
		};
		DA30F2A72ED9B85C0005FDF4 /* Release */ = {
			isa = XCBuildConfiguration;
			buildSettings = {
				ASSETCATALOG_COMPILER_APPICON_NAME = AppIcon;
				ASSETCATALOG_COMPILER_GLOBAL_ACCENT_COLOR_NAME = AccentColor;
				CODE_SIGN_STYLE = Automatic;
				CURRENT_PROJECT_VERSION = 1;
				GENERATE_INFOPLIST_FILE = YES;
				INFOPLIST_FILE = "Superhero Randomizer App/Info.plist";
				INFOPLIST_KEY_UIApplicationSupportsIndirectInputEvents = YES;
				INFOPLIST_KEY_UILaunchStoryboardName = LaunchScreen;
				INFOPLIST_KEY_UIMainStoryboardFile = Main;
				INFOPLIST_KEY_UISupportedInterfaceOrientations_iPad = "UIInterfaceOrientationPortrait UIInterfaceOrientationPortraitUpsideDown UIInterfaceOrientationLandscapeLeft UIInterfaceOrientationLandscapeRight";
				INFOPLIST_KEY_UISupportedInterfaceOrientations_iPhone = "UIInterfaceOrientationPortrait UIInterfaceOrientationLandscapeLeft UIInterfaceOrientationLandscapeRight";
				LD_RUNPATH_SEARCH_PATHS = (
					"$(inherited)",
					"@executable_path/Frameworks",
				);
				MARKETING_VERSION = 1.0;
				PRODUCT_BUNDLE_IDENTIFIER = "labs.Superhero-Randomizer-App";
				PRODUCT_NAME = "$(TARGET_NAME)";
				SWIFT_EMIT_LOC_STRINGS = YES;
				SWIFT_VERSION = 5.0;
				TARGETED_DEVICE_FAMILY = "1,2";
			};
			name = Release;
		};
		DA30F2A82ED9B85C0005FDF4 /* Debug */ = {
			isa = XCBuildConfiguration;
			buildSettings = {
				ALWAYS_SEARCH_USER_PATHS = NO;
				ASSETCATALOG_COMPILER_GENERATE_SWIFT_ASSET_SYMBOL_EXTENSIONS = YES;
				CLANG_ANALYZER_NONNULL = YES;
				CLANG_ANALYZER_NUMBER_OBJECT_CONVERSION = YES_AGGRESSIVE;
				CLANG_CXX_LANGUAGE_STANDARD = "gnu++20";
				CLANG_ENABLE_MODULES = YES;
				CLANG_ENABLE_OBJC_ARC = YES;
				CLANG_ENABLE_OBJC_WEAK = YES;
				CLANG_WARN_BLOCK_CAPTURE_AUTORELEASING = YES;
				CLANG_WARN_BOOL_CONVERSION = YES;
				CLANG_WARN_COMMA = YES;
				CLANG_WARN_CONSTANT_CONVERSION = YES;
				CLANG_WARN_DEPRECATED_OBJC_IMPLEMENTATIONS = YES;
				CLANG_WARN_DIRECT_OBJC_ISA_USAGE = YES_ERROR;
				CLANG_WARN_DOCUMENTATION_COMMENTS = YES;
				CLANG_WARN_EMPTY_BODY = YES;
				CLANG_WARN_ENUM_CONVERSION = YES;
				CLANG_WARN_INFINITE_RECURSION = YES;
				CLANG_WARN_INT_CONVERSION = YES;
				CLANG_WARN_NON_LITERAL_NULL_CONVERSION = YES;
				CLANG_WARN_OBJC_IMPLICIT_RETAIN_SELF = YES;
				CLANG_WARN_OBJC_LITERAL_CONVERSION = YES;
				CLANG_WARN_OBJC_ROOT_CLASS = YES_ERROR;
				CLANG_WARN_QUOTED_INCLUDE_IN_FRAMEWORK_HEADER = YES;
				CLANG_WARN_RANGE_LOOP_ANALYSIS = YES;
				CLANG_WARN_STRICT_PROTOTYPES = YES;
				CLANG_WARN_SUSPICIOUS_MOVE = YES;
				CLANG_WARN_UNGUARDED_AVAILABILITY = YES_AGGRESSIVE;
				CLANG_WARN_UNREACHABLE_CODE = YES;
				CLANG_WARN__DUPLICATE_METHOD_MATCH = YES;
				COPY_PHASE_STRIP = NO;
				DEBUG_INFORMATION_FORMAT = dwarf;
				ENABLE_STRICT_OBJC_MSGSEND = YES;
				ENABLE_TESTABILITY = YES;
				ENABLE_USER_SCRIPT_SANDBOXING = YES;
				GCC_C_LANGUAGE_STANDARD = gnu17;
				GCC_DYNAMIC_NO_PIC = NO;
				GCC_NO_COMMON_BLOCKS = YES;
				GCC_OPTIMIZATION_LEVEL = 0;
				GCC_PREPROCESSOR_DEFINITIONS = (
					"DEBUG=1",
					"$(inherited)",
				);
				GCC_WARN_64_TO_32_BIT_CONVERSION = YES;
				GCC_WARN_ABOUT_RETURN_TYPE = YES_ERROR;
				GCC_WARN_UNDECLARED_SELECTOR = YES;
				GCC_WARN_UNINITIALIZED_AUTOS = YES_AGGRESSIVE;
				GCC_WARN_UNUSED_FUNCTION = YES;
				GCC_WARN_UNUSED_VARIABLE = YES;
				IPHONEOS_DEPLOYMENT_TARGET = 18.2;
				LOCALIZATION_PREFERS_STRING_CATALOGS = YES;
				MTL_ENABLE_DEBUG_INFO = INCLUDE_SOURCE;
				MTL_FAST_MATH = YES;
				ONLY_ACTIVE_ARCH = YES;
				SDKROOT = iphoneos;
				SWIFT_ACTIVE_COMPILATION_CONDITIONS = "DEBUG $(inherited)";
				SWIFT_OPTIMIZATION_LEVEL = "-Onone";
			};
			name = Debug;
		};
		DA30F2A92ED9B85C0005FDF4 /* Release */ = {
			isa = XCBuildConfiguration;
			buildSettings = {
				ALWAYS_SEARCH_USER_PATHS = NO;
				ASSETCATALOG_COMPILER_GENERATE_SWIFT_ASSET_SYMBOL_EXTENSIONS = YES;
				CLANG_ANALYZER_NONNULL = YES;
				CLANG_ANALYZER_NUMBER_OBJECT_CONVERSION = YES_AGGRESSIVE;
				CLANG_CXX_LANGUAGE_STANDARD = "gnu++20";
				CLANG_ENABLE_MODULES = YES;
				CLANG_ENABLE_OBJC_ARC = YES;
				CLANG_ENABLE_OBJC_WEAK = YES;
				CLANG_WARN_BLOCK_CAPTURE_AUTORELEASING = YES;
				CLANG_WARN_BOOL_CONVERSION = YES;
				CLANG_WARN_COMMA = YES;
				CLANG_WARN_CONSTANT_CONVERSION = YES;
				CLANG_WARN_DEPRECATED_OBJC_IMPLEMENTATIONS = YES;
				CLANG_WARN_DIRECT_OBJC_ISA_USAGE = YES_ERROR;
				CLANG_WARN_DOCUMENTATION_COMMENTS = YES;
				CLANG_WARN_EMPTY_BODY = YES;
				CLANG_WARN_ENUM_CONVERSION = YES;
				CLANG_WARN_INFINITE_RECURSION = YES;
				CLANG_WARN_INT_CONVERSION = YES;
				CLANG_WARN_NON_LITERAL_NULL_CONVERSION = YES;
				CLANG_WARN_OBJC_IMPLICIT_RETAIN_SELF = YES;
				CLANG_WARN_OBJC_LITERAL_CONVERSION = YES;
				CLANG_WARN_OBJC_ROOT_CLASS = YES_ERROR;
				CLANG_WARN_QUOTED_INCLUDE_IN_FRAMEWORK_HEADER = YES;
				CLANG_WARN_RANGE_LOOP_ANALYSIS = YES;
				CLANG_WARN_STRICT_PROTOTYPES = YES;
				CLANG_WARN_SUSPICIOUS_MOVE = YES;
				CLANG_WARN_UNGUARDED_AVAILABILITY = YES_AGGRESSIVE;
				CLANG_WARN_UNREACHABLE_CODE = YES;
				CLANG_WARN__DUPLICATE_METHOD_MATCH = YES;
				COPY_PHASE_STRIP = NO;
				DEBUG_INFORMATION_FORMAT = "dwarf-with-dsym";
				ENABLE_NS_ASSERTIONS = NO;
				ENABLE_STRICT_OBJC_MSGSEND = YES;
				ENABLE_USER_SCRIPT_SANDBOXING = YES;
				GCC_C_LANGUAGE_STANDARD = gnu17;
				GCC_NO_COMMON_BLOCKS = YES;
				GCC_WARN_64_TO_32_BIT_CONVERSION = YES;
				GCC_WARN_ABOUT_RETURN_TYPE = YES_ERROR;
				GCC_WARN_UNDECLARED_SELECTOR = YES;
				GCC_WARN_UNINITIALIZED_AUTOS = YES_AGGRESSIVE;
				GCC_WARN_UNUSED_FUNCTION = YES;
				GCC_WARN_UNUSED_VARIABLE = YES;
				IPHONEOS_DEPLOYMENT_TARGET = 18.2;
				LOCALIZATION_PREFERS_STRING_CATALOGS = YES;
				MTL_ENABLE_DEBUG_INFO = NO;
				MTL_FAST_MATH = YES;
				SDKROOT = iphoneos;
				SWIFT_COMPILATION_MODE = wholemodule;
				VALIDATE_PRODUCT = YES;
			};
			name = Release;
		};
		DA30F2AB2ED9B85C0005FDF4 /* Debug */ = {
			isa = XCBuildConfiguration;
			buildSettings = {
				BUNDLE_LOADER = "$(TEST_HOST)";
				CODE_SIGN_STYLE = Automatic;
				CURRENT_PROJECT_VERSION = 1;
				GENERATE_INFOPLIST_FILE = YES;
				IPHONEOS_DEPLOYMENT_TARGET = 18.2;
				MARKETING_VERSION = 1.0;
				PRODUCT_BUNDLE_IDENTIFIER = "labs.Superhero-Randomizer-AppTests";
				PRODUCT_NAME = "$(TARGET_NAME)";
				SWIFT_EMIT_LOC_STRINGS = NO;
				SWIFT_VERSION = 5.0;
				TARGETED_DEVICE_FAMILY = "1,2";
				TEST_HOST = "$(BUILT_PRODUCTS_DIR)/Superhero Randomizer App.app/$(BUNDLE_EXECUTABLE_FOLDER_PATH)/Superhero Randomizer App";
			};
			name = Debug;
		};
		DA30F2AC2ED9B85C0005FDF4 /* Release */ = {
			isa = XCBuildConfiguration;
			buildSettings = {
				BUNDLE_LOADER = "$(TEST_HOST)";
				CODE_SIGN_STYLE = Automatic;
				CURRENT_PROJECT_VERSION = 1;
				GENERATE_INFOPLIST_FILE = YES;
				IPHONEOS_DEPLOYMENT_TARGET = 18.2;
				MARKETING_VERSION = 1.0;
				PRODUCT_BUNDLE_IDENTIFIER = "labs.Superhero-Randomizer-AppTests";
				PRODUCT_NAME = "$(TARGET_NAME)";
				SWIFT_EMIT_LOC_STRINGS = NO;
				SWIFT_VERSION = 5.0;
				TARGETED_DEVICE_FAMILY = "1,2";
				TEST_HOST = "$(BUILT_PRODUCTS_DIR)/Superhero Randomizer App.app/$(BUNDLE_EXECUTABLE_FOLDER_PATH)/Superhero Randomizer App";
			};
			name = Release;
		};
		DA30F2AE2ED9B85C0005FDF4 /* Debug */ = {
			isa = XCBuildConfiguration;
			buildSettings = {
				CODE_SIGN_STYLE = Automatic;
				CURRENT_PROJECT_VERSION = 1;
				GENERATE_INFOPLIST_FILE = YES;
				MARKETING_VERSION = 1.0;
				PRODUCT_BUNDLE_IDENTIFIER = "labs.Superhero-Randomizer-AppUITests";
				PRODUCT_NAME = "$(TARGET_NAME)";
				SWIFT_EMIT_LOC_STRINGS = NO;
				SWIFT_VERSION = 5.0;
				TARGETED_DEVICE_FAMILY = "1,2";
				TEST_TARGET_NAME = "Superhero Randomizer App";
			};
			name = Debug;
		};
		DA30F2AF2ED9B85C0005FDF4 /* Release */ = {
			isa = XCBuildConfiguration;
			buildSettings = {
				CODE_SIGN_STYLE = Automatic;
				CURRENT_PROJECT_VERSION = 1;
				GENERATE_INFOPLIST_FILE = YES;
				MARKETING_VERSION = 1.0;
				PRODUCT_BUNDLE_IDENTIFIER = "labs.Superhero-Randomizer-AppUITests";
				PRODUCT_NAME = "$(TARGET_NAME)";
				SWIFT_EMIT_LOC_STRINGS = NO;
				SWIFT_VERSION = 5.0;
				TARGETED_DEVICE_FAMILY = "1,2";
				TEST_TARGET_NAME = "Superhero Randomizer App";
			};
			name = Release;
		};
/* End XCBuildConfiguration section */

/* Begin XCConfigurationList section */
		DA30F2772ED9B85B0005FDF4 /* Build configuration list for PBXProject "Superhero Randomizer App" */ = {
			isa = XCConfigurationList;
			buildConfigurations = (
				DA30F2A82ED9B85C0005FDF4 /* Debug */,
				DA30F2A92ED9B85C0005FDF4 /* Release */,
			);
			defaultConfigurationIsVisible = 0;
			defaultConfigurationName = Release;
		};
		DA30F2A52ED9B85C0005FDF4 /* Build configuration list for PBXNativeTarget "Superhero Randomizer App" */ = {
			isa = XCConfigurationList;
			buildConfigurations = (
				DA30F2A62ED9B85C0005FDF4 /* Debug */,
				DA30F2A72ED9B85C0005FDF4 /* Release */,
			);
			defaultConfigurationIsVisible = 0;
			defaultConfigurationName = Release;
		};
		DA30F2AA2ED9B85C0005FDF4 /* Build configuration list for PBXNativeTarget "Superhero Randomizer AppTests" */ = {
			isa = XCConfigurationList;
			buildConfigurations = (
				DA30F2AB2ED9B85C0005FDF4 /* Debug */,
				DA30F2AC2ED9B85C0005FDF4 /* Release */,
			);
			defaultConfigurationIsVisible = 0;
			defaultConfigurationName = Release;
		};
		DA30F2AD2ED9B85C0005FDF4 /* Build configuration list for PBXNativeTarget "Superhero Randomizer AppUITests" */ = {
			isa = XCConfigurationList;
			buildConfigurations = (
				DA30F2AE2ED9B85C0005FDF4 /* Debug */,
				DA30F2AF2ED9B85C0005FDF4 /* Release */,
			);
			defaultConfigurationIsVisible = 0;
			defaultConfigurationName = Release;
		};
/* End XCConfigurationList section */
	};
	rootObject = DA30F2742ED9B85B0005FDF4 /* Project object */;
}
