// !$*UTF8*$!
{
	archiveVersion = 1;
	classes = {
	};
	objectVersion = 77;
	objects = {

/* Begin PBXContainerItemProxy section */
		DACB19832EA9553A0094FCF1 /* PBXContainerItemProxy */ = {
			isa = PBXContainerItemProxy;
			containerPortal = DACB19642EA955390094FCF1 /* Project object */;
			proxyType = 1;
			remoteGlobalIDString = DACB196B2EA955390094FCF1;
			remoteInfo = RandomizerApp;
		};
		DACB198D2EA9553A0094FCF1 /* PBXContainerItemProxy */ = {
			isa = PBXContainerItemProxy;
			containerPortal = DACB19642EA955390094FCF1 /* Project object */;
			proxyType = 1;
			remoteGlobalIDString = DACB196B2EA955390094FCF1;
			remoteInfo = RandomizerApp;
		};
/* End PBXContainerItemProxy section */

/* Begin PBXFileReference section */
		DACB196C2EA955390094FCF1 /* RandomizerApp.app */ = {isa = PBXFileReference; explicitFileType = wrapper.application; includeInIndex = 0; path = RandomizerApp.app; sourceTree = BUILT_PRODUCTS_DIR; };
		DACB19822EA9553A0094FCF1 /* RandomizerAppTests.xctest */ = {isa = PBXFileReference; explicitFileType = wrapper.cfbundle; includeInIndex = 0; path = RandomizerAppTests.xctest; sourceTree = BUILT_PRODUCTS_DIR; };
		DACB198C2EA9553A0094FCF1 /* RandomizerAppUITests.xctest */ = {isa = PBXFileReference; explicitFileType = wrapper.cfbundle; includeInIndex = 0; path = RandomizerAppUITests.xctest; sourceTree = BUILT_PRODUCTS_DIR; };
/* End PBXFileReference section */

/* Begin PBXFileSystemSynchronizedRootGroup section */
		DACB196E2EA955390094FCF1 /* RandomizerApp */ = {
			isa = PBXFileSystemSynchronizedRootGroup;
			path = RandomizerApp;
			sourceTree = "<group>";
		};
		DACB19852EA9553A0094FCF1 /* RandomizerAppTests */ = {
			isa = PBXFileSystemSynchronizedRootGroup;
			path = RandomizerAppTests;
			sourceTree = "<group>";
		};
		DACB198F2EA9553A0094FCF1 /* RandomizerAppUITests */ = {
			isa = PBXFileSystemSynchronizedRootGroup;
			path = RandomizerAppUITests;
			sourceTree = "<group>";
		};
/* End PBXFileSystemSynchronizedRootGroup section */

/* Begin PBXFrameworksBuildPhase section */
		DACB19692EA955390094FCF1 /* Frameworks */ = {
			isa = PBXFrameworksBuildPhase;
			buildActionMask = 2147483647;
			files = (
			);
			runOnlyForDeploymentPostprocessing = 0;
		};
		DACB197F2EA9553A0094FCF1 /* Frameworks */ = {
			isa = PBXFrameworksBuildPhase;
			buildActionMask = 2147483647;
			files = (
			);
			runOnlyForDeploymentPostprocessing = 0;
		};
		DACB19892EA9553A0094FCF1 /* Frameworks */ = {
			isa = PBXFrameworksBuildPhase;
			buildActionMask = 2147483647;
			files = (
			);
			runOnlyForDeploymentPostprocessing = 0;
		};
/* End PBXFrameworksBuildPhase section */

/* Begin PBXGroup section */
		DACB19632EA955390094FCF1 = {
			isa = PBXGroup;
			children = (
				DACB196E2EA955390094FCF1 /* RandomizerApp */,
				DACB19852EA9553A0094FCF1 /* RandomizerAppTests */,
				DACB198F2EA9553A0094FCF1 /* RandomizerAppUITests */,
				DACB196D2EA955390094FCF1 /* Products */,
			);
			sourceTree = "<group>";
		};
		DACB196D2EA955390094FCF1 /* Products */ = {
			isa = PBXGroup;
			children = (
				DACB196C2EA955390094FCF1 /* RandomizerApp.app */,
				DACB19822EA9553A0094FCF1 /* RandomizerAppTests.xctest */,
				DACB198C2EA9553A0094FCF1 /* RandomizerAppUITests.xctest */,
			);
			name = Products;
			sourceTree = "<group>";
		};
/* End PBXGroup section */

/* Begin PBXNativeTarget section */
		DACB196B2EA955390094FCF1 /* RandomizerApp */ = {
			isa = PBXNativeTarget;
			buildConfigurationList = DACB19952EA9553A0094FCF1 /* Build configuration list for PBXNativeTarget "RandomizerApp" */;
			buildPhases = (
				DACB19682EA955390094FCF1 /* Sources */,
				DACB19692EA955390094FCF1 /* Frameworks */,
				DACB196A2EA955390094FCF1 /* Resources */,
			);
			buildRules = (
			);
			dependencies = (
			);
			fileSystemSynchronizedGroups = (
				DACB196E2EA955390094FCF1 /* RandomizerApp */,
			);
			name = RandomizerApp;
			packageProductDependencies = (
			);
			productName = RandomizerApp;
			productReference = DACB196C2EA955390094FCF1 /* RandomizerApp.app */;
			productType = "com.apple.product-type.application";
		};
		DACB19812EA9553A0094FCF1 /* RandomizerAppTests */ = {
			isa = PBXNativeTarget;
			buildConfigurationList = DACB199A2EA9553A0094FCF1 /* Build configuration list for PBXNativeTarget "RandomizerAppTests" */;
			buildPhases = (
				DACB197E2EA9553A0094FCF1 /* Sources */,
				DACB197F2EA9553A0094FCF1 /* Frameworks */,
				DACB19802EA9553A0094FCF1 /* Resources */,
			);
			buildRules = (
			);
			dependencies = (
				DACB19842EA9553A0094FCF1 /* PBXTargetDependency */,
			);
			fileSystemSynchronizedGroups = (
				DACB19852EA9553A0094FCF1 /* RandomizerAppTests */,
			);
			name = RandomizerAppTests;
			packageProductDependencies = (
			);
			productName = RandomizerAppTests;
			productReference = DACB19822EA9553A0094FCF1 /* RandomizerAppTests.xctest */;
			productType = "com.apple.product-type.bundle.unit-test";
		};
		DACB198B2EA9553A0094FCF1 /* RandomizerAppUITests */ = {
			isa = PBXNativeTarget;
			buildConfigurationList = DACB199D2EA9553A0094FCF1 /* Build configuration list for PBXNativeTarget "RandomizerAppUITests" */;
			buildPhases = (
				DACB19882EA9553A0094FCF1 /* Sources */,
				DACB19892EA9553A0094FCF1 /* Frameworks */,
				DACB198A2EA9553A0094FCF1 /* Resources */,
			);
			buildRules = (
			);
			dependencies = (
				DACB198E2EA9553A0094FCF1 /* PBXTargetDependency */,
			);
			fileSystemSynchronizedGroups = (
				DACB198F2EA9553A0094FCF1 /* RandomizerAppUITests */,
			);
			name = RandomizerAppUITests;
			packageProductDependencies = (
			);
			productName = RandomizerAppUITests;
			productReference = DACB198C2EA9553A0094FCF1 /* RandomizerAppUITests.xctest */;
			productType = "com.apple.product-type.bundle.ui-testing";
		};
/* End PBXNativeTarget section */

/* Begin PBXProject section */
		DACB19642EA955390094FCF1 /* Project object */ = {
			isa = PBXProject;
			attributes = {
				BuildIndependentTargetsInParallel = 1;
				LastSwiftUpdateCheck = 1620;
				LastUpgradeCheck = 1620;
				TargetAttributes = {
					DACB196B2EA955390094FCF1 = {
						CreatedOnToolsVersion = 16.2;
					};
					DACB19812EA9553A0094FCF1 = {
						CreatedOnToolsVersion = 16.2;
						TestTargetID = DACB196B2EA955390094FCF1;
					};
					DACB198B2EA9553A0094FCF1 = {
						CreatedOnToolsVersion = 16.2;
						TestTargetID = DACB196B2EA955390094FCF1;
					};
				};
			};
			buildConfigurationList = DACB19672EA955390094FCF1 /* Build configuration list for PBXProject "RandomizerApp" */;
			developmentRegion = en;
			hasScannedForEncodings = 0;
			knownRegions = (
				en,
				Base,
			);
			mainGroup = DACB19632EA955390094FCF1;
			minimizedProjectReferenceProxies = 1;
			preferredProjectObjectVersion = 77;
			productRefGroup = DACB196D2EA955390094FCF1 /* Products */;
			projectDirPath = "";
			projectRoot = "";
			targets = (
				DACB196B2EA955390094FCF1 /* RandomizerApp */,
				DACB19812EA9553A0094FCF1 /* RandomizerAppTests */,
				DACB198B2EA9553A0094FCF1 /* RandomizerAppUITests */,
			);
		};
/* End PBXProject section */

/* Begin PBXResourcesBuildPhase section */
		DACB196A2EA955390094FCF1 /* Resources */ = {
			isa = PBXResourcesBuildPhase;
			buildActionMask = 2147483647;
			files = (
			);
			runOnlyForDeploymentPostprocessing = 0;
		};
		DACB19802EA9553A0094FCF1 /* Resources */ = {
			isa = PBXResourcesBuildPhase;
			buildActionMask = 2147483647;
			files = (
			);
			runOnlyForDeploymentPostprocessing = 0;
		};
		DACB198A2EA9553A0094FCF1 /* Resources */ = {
			isa = PBXResourcesBuildPhase;
			buildActionMask = 2147483647;
			files = (
			);
			runOnlyForDeploymentPostprocessing = 0;
		};
/* End PBXResourcesBuildPhase section */

/* Begin PBXSourcesBuildPhase section */
		DACB19682EA955390094FCF1 /* Sources */ = {
			isa = PBXSourcesBuildPhase;
			buildActionMask = 2147483647;
			files = (
			);
			runOnlyForDeploymentPostprocessing = 0;
		};
		DACB197E2EA9553A0094FCF1 /* Sources */ = {
			isa = PBXSourcesBuildPhase;
			buildActionMask = 2147483647;
			files = (
			);
			runOnlyForDeploymentPostprocessing = 0;
		};
		DACB19882EA9553A0094FCF1 /* Sources */ = {
			isa = PBXSourcesBuildPhase;
			buildActionMask = 2147483647;
			files = (
			);
			runOnlyForDeploymentPostprocessing = 0;
		};
/* End PBXSourcesBuildPhase section */

/* Begin PBXTargetDependency section */
		DACB19842EA9553A0094FCF1 /* PBXTargetDependency */ = {
			isa = PBXTargetDependency;
			target = DACB196B2EA955390094FCF1 /* RandomizerApp */;
			targetProxy = DACB19832EA9553A0094FCF1 /* PBXContainerItemProxy */;
		};
		DACB198E2EA9553A0094FCF1 /* PBXTargetDependency */ = {
			isa = PBXTargetDependency;
			target = DACB196B2EA955390094FCF1 /* RandomizerApp */;
			targetProxy = DACB198D2EA9553A0094FCF1 /* PBXContainerItemProxy */;
		};
/* End PBXTargetDependency section */

/* Begin XCBuildConfiguration section */
		DACB19962EA9553A0094FCF1 /* Debug */ = {
			isa = XCBuildConfiguration;
			buildSettings = {
				ASSETCATALOG_COMPILER_APPICON_NAME = AppIcon;
				ASSETCATALOG_COMPILER_GLOBAL_ACCENT_COLOR_NAME = AccentColor;
				CODE_SIGN_STYLE = Automatic;
				CURRENT_PROJECT_VERSION = 1;
				GENERATE_INFOPLIST_FILE = YES;
				INFOPLIST_FILE = RandomizerApp/Info.plist;
				INFOPLIST_KEY_UIApplicationSupportsIndirectInputEvents = YES;
				INFOPLIST_KEY_UILaunchStoryboardName = LaunchScreen;
				INFOPLIST_KEY_UIMainStoryboardFile = Main;
				INFOPLIST_KEY_UISupportedInterfaceOrientations_iPad = "UIInterfaceOrientationPortrait UIInterfaceOrientationPortraitUpsideDown UIInterfaceOrientationLandscapeLeft UIInterfaceOrientationLandscapeRight";
				INFOPLIST_KEY_UISupportedInterfaceOrientations_iPhone = "UIInterfaceOrientationPortrait UIInterfaceOrientationLandscapeLeft UIInterfaceOrientationLandscapeRight";
				LD_RUNPATH_SEARCH_PATHS = (
					"$(inherited)",
					"@executable_path/Frameworks",
				);
				MARKETING_VERSION = 1.0;
				PRODUCT_BUNDLE_IDENTIFIER = labs.RandomizerApp;
				PRODUCT_NAME = "$(TARGET_NAME)";
				SWIFT_EMIT_LOC_STRINGS = YES;
				SWIFT_VERSION = 5.0;
				TARGETED_DEVICE_FAMILY = "1,2";
			};
			name = Debug;
		};
		DACB19972EA9553A0094FCF1 /* Release */ = {
			isa = XCBuildConfiguration;
			buildSettings = {
				ASSETCATALOG_COMPILER_APPICON_NAME = AppIcon;
				ASSETCATALOG_COMPILER_GLOBAL_ACCENT_COLOR_NAME = AccentColor;
				CODE_SIGN_STYLE = Automatic;
				CURRENT_PROJECT_VERSION = 1;
				GENERATE_INFOPLIST_FILE = YES;
				INFOPLIST_FILE = RandomizerApp/Info.plist;
				INFOPLIST_KEY_UIApplicationSupportsIndirectInputEvents = YES;
				INFOPLIST_KEY_UILaunchStoryboardName = LaunchScreen;
				INFOPLIST_KEY_UIMainStoryboardFile = Main;
				INFOPLIST_KEY_UISupportedInterfaceOrientations_iPad = "UIInterfaceOrientationPortrait UIInterfaceOrientationPortraitUpsideDown UIInterfaceOrientationLandscapeLeft UIInterfaceOrientationLandscapeRight";
				INFOPLIST_KEY_UISupportedInterfaceOrientations_iPhone = "UIInterfaceOrientationPortrait UIInterfaceOrientationLandscapeLeft UIInterfaceOrientationLandscapeRight";
				LD_RUNPATH_SEARCH_PATHS = (
					"$(inherited)",
					"@executable_path/Frameworks",
				);
				MARKETING_VERSION = 1.0;
				PRODUCT_BUNDLE_IDENTIFIER = labs.RandomizerApp;
				PRODUCT_NAME = "$(TARGET_NAME)";
				SWIFT_EMIT_LOC_STRINGS = YES;
				SWIFT_VERSION = 5.0;
				TARGETED_DEVICE_FAMILY = "1,2";
			};
			name = Release;
		};
		DACB19982EA9553A0094FCF1 /* Debug */ = {
			isa = XCBuildConfiguration;
			buildSettings = {
				ALWAYS_SEARCH_USER_PATHS = NO;
				ASSETCATALOG_COMPILER_GENERATE_SWIFT_ASSET_SYMBOL_EXTENSIONS = YES;
				CLANG_ANALYZER_NONNULL = YES;
				CLANG_ANALYZER_NUMBER_OBJECT_CONVERSION = YES_AGGRESSIVE;
				CLANG_CXX_LANGUAGE_STANDARD = "gnu++20";
				CLANG_ENABLE_MODULES = YES;
				CLANG_ENABLE_OBJC_ARC = YES;
				CLANG_ENABLE_OBJC_WEAK = YES;
				CLANG_WARN_BLOCK_CAPTURE_AUTORELEASING = YES;
				CLANG_WARN_BOOL_CONVERSION = YES;
				CLANG_WARN_COMMA = YES;
				CLANG_WARN_CONSTANT_CONVERSION = YES;
				CLANG_WARN_DEPRECATED_OBJC_IMPLEMENTATIONS = YES;
				CLANG_WARN_DIRECT_OBJC_ISA_USAGE = YES_ERROR;
				CLANG_WARN_DOCUMENTATION_COMMENTS = YES;
				CLANG_WARN_EMPTY_BODY = YES;
				CLANG_WARN_ENUM_CONVERSION = YES;
				CLANG_WARN_INFINITE_RECURSION = YES;
				CLANG_WARN_INT_CONVERSION = YES;
				CLANG_WARN_NON_LITERAL_NULL_CONVERSION = YES;
				CLANG_WARN_OBJC_IMPLICIT_RETAIN_SELF = YES;
				CLANG_WARN_OBJC_LITERAL_CONVERSION = YES;
				CLANG_WARN_OBJC_ROOT_CLASS = YES_ERROR;
				CLANG_WARN_QUOTED_INCLUDE_IN_FRAMEWORK_HEADER = YES;
				CLANG_WARN_RANGE_LOOP_ANALYSIS = YES;
				CLANG_WARN_STRICT_PROTOTYPES = YES;
				CLANG_WARN_SUSPICIOUS_MOVE = YES;
				CLANG_WARN_UNGUARDED_AVAILABILITY = YES_AGGRESSIVE;
				CLANG_WARN_UNREACHABLE_CODE = YES;
				CLANG_WARN__DUPLICATE_METHOD_MATCH = YES;
				COPY_PHASE_STRIP = NO;
				DEBUG_INFORMATION_FORMAT = dwarf;
				ENABLE_STRICT_OBJC_MSGSEND = YES;
				ENABLE_TESTABILITY = YES;
				ENABLE_USER_SCRIPT_SANDBOXING = YES;
				GCC_C_LANGUAGE_STANDARD = gnu17;
				GCC_DYNAMIC_NO_PIC = NO;
				GCC_NO_COMMON_BLOCKS = YES;
				GCC_OPTIMIZATION_LEVEL = 0;
				GCC_PREPROCESSOR_DEFINITIONS = (
					"DEBUG=1",
					"$(inherited)",
				);
				GCC_WARN_64_TO_32_BIT_CONVERSION = YES;
				GCC_WARN_ABOUT_RETURN_TYPE = YES_ERROR;
				GCC_WARN_UNDECLARED_SELECTOR = YES;
				GCC_WARN_UNINITIALIZED_AUTOS = YES_AGGRESSIVE;
				GCC_WARN_UNUSED_FUNCTION = YES;
				GCC_WARN_UNUSED_VARIABLE = YES;
				IPHONEOS_DEPLOYMENT_TARGET = 18.2;
				LOCALIZATION_PREFERS_STRING_CATALOGS = YES;
				MTL_ENABLE_DEBUG_INFO = INCLUDE_SOURCE;
				MTL_FAST_MATH = YES;
				ONLY_ACTIVE_ARCH = YES;
				SDKROOT = iphoneos;
				SWIFT_ACTIVE_COMPILATION_CONDITIONS = "DEBUG $(inherited)";
				SWIFT_OPTIMIZATION_LEVEL = "-Onone";
			};
			name = Debug;
		};
		DACB19992EA9553A0094FCF1 /* Release */ = {
			isa = XCBuildConfiguration;
			buildSettings = {
				ALWAYS_SEARCH_USER_PATHS = NO;
				ASSETCATALOG_COMPILER_GENERATE_SWIFT_ASSET_SYMBOL_EXTENSIONS = YES;
				CLANG_ANALYZER_NONNULL = YES;
				CLANG_ANALYZER_NUMBER_OBJECT_CONVERSION = YES_AGGRESSIVE;
				CLANG_CXX_LANGUAGE_STANDARD = "gnu++20";
				CLANG_ENABLE_MODULES = YES;
				CLANG_ENABLE_OBJC_ARC = YES;
				CLANG_ENABLE_OBJC_WEAK = YES;
				CLANG_WARN_BLOCK_CAPTURE_AUTORELEASING = YES;
				CLANG_WARN_BOOL_CONVERSION = YES;
				CLANG_WARN_COMMA = YES;
				CLANG_WARN_CONSTANT_CONVERSION = YES;
				CLANG_WARN_DEPRECATED_OBJC_IMPLEMENTATIONS = YES;
				CLANG_WARN_DIRECT_OBJC_ISA_USAGE = YES_ERROR;
				CLANG_WARN_DOCUMENTATION_COMMENTS = YES;
				CLANG_WARN_EMPTY_BODY = YES;
				CLANG_WARN_ENUM_CONVERSION = YES;
				CLANG_WARN_INFINITE_RECURSION = YES;
				CLANG_WARN_INT_CONVERSION = YES;
				CLANG_WARN_NON_LITERAL_NULL_CONVERSION = YES;
				CLANG_WARN_OBJC_IMPLICIT_RETAIN_SELF = YES;
				CLANG_WARN_OBJC_LITERAL_CONVERSION = YES;
				CLANG_WARN_OBJC_ROOT_CLASS = YES_ERROR;
				CLANG_WARN_QUOTED_INCLUDE_IN_FRAMEWORK_HEADER = YES;
				CLANG_WARN_RANGE_LOOP_ANALYSIS = YES;
				CLANG_WARN_STRICT_PROTOTYPES = YES;
				CLANG_WARN_SUSPICIOUS_MOVE = YES;
				CLANG_WARN_UNGUARDED_AVAILABILITY = YES_AGGRESSIVE;
				CLANG_WARN_UNREACHABLE_CODE = YES;
				CLANG_WARN__DUPLICATE_METHOD_MATCH = YES;
				COPY_PHASE_STRIP = NO;
				DEBUG_INFORMATION_FORMAT = "dwarf-with-dsym";
				ENABLE_NS_ASSERTIONS = NO;
				ENABLE_STRICT_OBJC_MSGSEND = YES;
				ENABLE_USER_SCRIPT_SANDBOXING = YES;
				GCC_C_LANGUAGE_STANDARD = gnu17;
				GCC_NO_COMMON_BLOCKS = YES;
				GCC_WARN_64_TO_32_BIT_CONVERSION = YES;
				GCC_WARN_ABOUT_RETURN_TYPE = YES_ERROR;
				GCC_WARN_UNDECLARED_SELECTOR = YES;
				GCC_WARN_UNINITIALIZED_AUTOS = YES_AGGRESSIVE;
				GCC_WARN_UNUSED_FUNCTION = YES;
				GCC_WARN_UNUSED_VARIABLE = YES;
				IPHONEOS_DEPLOYMENT_TARGET = 18.2;
				LOCALIZATION_PREFERS_STRING_CATALOGS = YES;
				MTL_ENABLE_DEBUG_INFO = NO;
				MTL_FAST_MATH = YES;
				SDKROOT = iphoneos;
				SWIFT_COMPILATION_MODE = wholemodule;
				VALIDATE_PRODUCT = YES;
			};
			name = Release;
		};
		DACB199B2EA9553A0094FCF1 /* Debug */ = {
			isa = XCBuildConfiguration;
			buildSettings = {
				BUNDLE_LOADER = "$(TEST_HOST)";
				CODE_SIGN_STYLE = Automatic;
				CURRENT_PROJECT_VERSION = 1;
				GENERATE_INFOPLIST_FILE = YES;
				IPHONEOS_DEPLOYMENT_TARGET = 18.2;
				MARKETING_VERSION = 1.0;
				PRODUCT_BUNDLE_IDENTIFIER = labs.RandomizerAppTests;
				PRODUCT_NAME = "$(TARGET_NAME)";
				SWIFT_EMIT_LOC_STRINGS = NO;
				SWIFT_VERSION = 5.0;
				TARGETED_DEVICE_FAMILY = "1,2";
				TEST_HOST = "$(BUILT_PRODUCTS_DIR)/RandomizerApp.app/$(BUNDLE_EXECUTABLE_FOLDER_PATH)/RandomizerApp";
			};
			name = Debug;
		};
		DACB199C2EA9553A0094FCF1 /* Release */ = {
			isa = XCBuildConfiguration;
			buildSettings = {
				BUNDLE_LOADER = "$(TEST_HOST)";
				CODE_SIGN_STYLE = Automatic;
				CURRENT_PROJECT_VERSION = 1;
				GENERATE_INFOPLIST_FILE = YES;
				IPHONEOS_DEPLOYMENT_TARGET = 18.2;
				MARKETING_VERSION = 1.0;
				PRODUCT_BUNDLE_IDENTIFIER = labs.RandomizerAppTests;
				PRODUCT_NAME = "$(TARGET_NAME)";
				SWIFT_EMIT_LOC_STRINGS = NO;
				SWIFT_VERSION = 5.0;
				TARGETED_DEVICE_FAMILY = "1,2";
				TEST_HOST = "$(BUILT_PRODUCTS_DIR)/RandomizerApp.app/$(BUNDLE_EXECUTABLE_FOLDER_PATH)/RandomizerApp";
			};
			name = Release;
		};
		DACB199E2EA9553A0094FCF1 /* Debug */ = {
			isa = XCBuildConfiguration;
			buildSettings = {
				CODE_SIGN_STYLE = Automatic;
				CURRENT_PROJECT_VERSION = 1;
				GENERATE_INFOPLIST_FILE = YES;
				MARKETING_VERSION = 1.0;
				PRODUCT_BUNDLE_IDENTIFIER = labs.RandomizerAppUITests;
				PRODUCT_NAME = "$(TARGET_NAME)";
				SWIFT_EMIT_LOC_STRINGS = NO;
				SWIFT_VERSION = 5.0;
				TARGETED_DEVICE_FAMILY = "1,2";
				TEST_TARGET_NAME = RandomizerApp;
			};
			name = Debug;
		};
		DACB199F2EA9553A0094FCF1 /* Release */ = {
			isa = XCBuildConfiguration;
			buildSettings = {
				CODE_SIGN_STYLE = Automatic;
				CURRENT_PROJECT_VERSION = 1;
				GENERATE_INFOPLIST_FILE = YES;
				MARKETING_VERSION = 1.0;
				PRODUCT_BUNDLE_IDENTIFIER = labs.RandomizerAppUITests;
				PRODUCT_NAME = "$(TARGET_NAME)";
				SWIFT_EMIT_LOC_STRINGS = NO;
				SWIFT_VERSION = 5.0;
				TARGETED_DEVICE_FAMILY = "1,2";
				TEST_TARGET_NAME = RandomizerApp;
			};
			name = Release;
		};
/* End XCBuildConfiguration section */

/* Begin XCConfigurationList section */
		DACB19672EA955390094FCF1 /* Build configuration list for PBXProject "RandomizerApp" */ = {
			isa = XCConfigurationList;
			buildConfigurations = (
				DACB19982EA9553A0094FCF1 /* Debug */,
				DACB19992EA9553A0094FCF1 /* Release */,
			);
			defaultConfigurationIsVisible = 0;
			defaultConfigurationName = Release;
		};
		DACB19952EA9553A0094FCF1 /* Build configuration list for PBXNativeTarget "RandomizerApp" */ = {
			isa = XCConfigurationList;
			buildConfigurations = (
				DACB19962EA9553A0094FCF1 /* Debug */,
				DACB19972EA9553A0094FCF1 /* Release */,
			);
			defaultConfigurationIsVisible = 0;
			defaultConfigurationName = Release;
		};
		DACB199A2EA9553A0094FCF1 /* Build configuration list for PBXNativeTarget "RandomizerAppTests" */ = {
			isa = XCConfigurationList;
			buildConfigurations = (
				DACB199B2EA9553A0094FCF1 /* Debug */,
				DACB199C2EA9553A0094FCF1 /* Release */,
			);
			defaultConfigurationIsVisible = 0;
			defaultConfigurationName = Release;
		};
		DACB199D2EA9553A0094FCF1 /* Build configuration list for PBXNativeTarget "RandomizerAppUITests" */ = {
			isa = XCConfigurationList;
			buildConfigurations = (
				DACB199E2EA9553A0094FCF1 /* Debug */,
				DACB199F2EA9553A0094FCF1 /* Release */,
			);
			defaultConfigurationIsVisible = 0;
			defaultConfigurationName = Release;
		};
/* End XCConfigurationList section */
	};
	rootObject = DACB19642EA955390094FCF1 /* Project object */;
}
