// !$*UTF8*$!
{
	archiveVersion = 1;
	classes = {
	};
	objectVersion = 77;
	objects = {

/* Begin PBXContainerItemProxy section */
		DAC2078A2EC6F0A30035192E /* PBXContainerItemProxy */ = {
			isa = PBXContainerItemProxy;
			containerPortal = DAC2076B2EC6F0A20035192E /* Project object */;
			proxyType = 1;
			remoteGlobalIDString = DAC207722EC6F0A20035192E;
			remoteInfo = NazerkeTableView;
		};
		DAC207942EC6F0A30035192E /* PBXContainerItemProxy */ = {
			isa = PBXContainerItemProxy;
			containerPortal = DAC2076B2EC6F0A20035192E /* Project object */;
			proxyType = 1;
			remoteGlobalIDString = DAC207722EC6F0A20035192E;
			remoteInfo = NazerkeTableView;
		};
/* End PBXContainerItemProxy section */

/* Begin PBXFileReference section */
		DAC207732EC6F0A20035192E /* NazerkeTableView.app */ = {isa = PBXFileReference; explicitFileType = wrapper.application; includeInIndex = 0; path = NazerkeTableView.app; sourceTree = BUILT_PRODUCTS_DIR; };
		DAC207892EC6F0A30035192E /* NazerkeTableViewTests.xctest */ = {isa = PBXFileReference; explicitFileType = wrapper.cfbundle; includeInIndex = 0; path = NazerkeTableViewTests.xctest; sourceTree = BUILT_PRODUCTS_DIR; };
		DAC207932EC6F0A30035192E /* NazerkeTableViewUITests.xctest */ = {isa = PBXFileReference; explicitFileType = wrapper.cfbundle; includeInIndex = 0; path = NazerkeTableViewUITests.xctest; sourceTree = BUILT_PRODUCTS_DIR; };
/* End PBXFileReference section */

/* Begin PBXFileSystemSynchronizedBuildFileExceptionSet section */
		DAC2079B2EC6F0A30035192E /* Exceptions for "NazerkeTableView" folder in "NazerkeTableView" target */ = {
			isa = PBXFileSystemSynchronizedBuildFileExceptionSet;
			membershipExceptions = (
				Info.plist,
			);
			target = DAC207722EC6F0A20035192E /* NazerkeTableView */;
		};
/* End PBXFileSystemSynchronizedBuildFileExceptionSet section */

/* Begin PBXFileSystemSynchronizedRootGroup section */
		DAC207752EC6F0A20035192E /* NazerkeTableView */ = {
			isa = PBXFileSystemSynchronizedRootGroup;
			exceptions = (
				DAC2079B2EC6F0A30035192E /* Exceptions for "NazerkeTableView" folder in "NazerkeTableView" target */,
			);
			path = NazerkeTableView;
			sourceTree = "<group>";
		};
		DAC2078C2EC6F0A30035192E /* NazerkeTableViewTests */ = {
			isa = PBXFileSystemSynchronizedRootGroup;
			path = NazerkeTableViewTests;
			sourceTree = "<group>";
		};
		DAC207962EC6F0A30035192E /* NazerkeTableViewUITests */ = {
			isa = PBXFileSystemSynchronizedRootGroup;
			path = NazerkeTableViewUITests;
			sourceTree = "<group>";
		};
/* End PBXFileSystemSynchronizedRootGroup section */

/* Begin PBXFrameworksBuildPhase section */
		DAC207702EC6F0A20035192E /* Frameworks */ = {
			isa = PBXFrameworksBuildPhase;
			buildActionMask = 2147483647;
			files = (
			);
			runOnlyForDeploymentPostprocessing = 0;
		};
		DAC207862EC6F0A30035192E /* Frameworks */ = {
			isa = PBXFrameworksBuildPhase;
			buildActionMask = 2147483647;
			files = (
			);
			runOnlyForDeploymentPostprocessing = 0;
		};
		DAC207902EC6F0A30035192E /* Frameworks */ = {
			isa = PBXFrameworksBuildPhase;
			buildActionMask = 2147483647;
			files = (
			);
			runOnlyForDeploymentPostprocessing = 0;
		};
/* End PBXFrameworksBuildPhase section */

/* Begin PBXGroup section */
		DAC2076A2EC6F0A20035192E = {
			isa = PBXGroup;
			children = (
				DAC207752EC6F0A20035192E /* NazerkeTableView */,
				DAC2078C2EC6F0A30035192E /* NazerkeTableViewTests */,
				DAC207962EC6F0A30035192E /* NazerkeTableViewUITests */,
				DAC207742EC6F0A20035192E /* Products */,
			);
			sourceTree = "<group>";
		};
		DAC207742EC6F0A20035192E /* Products */ = {
			isa = PBXGroup;
			children = (
				DAC207732EC6F0A20035192E /* NazerkeTableView.app */,
				DAC207892EC6F0A30035192E /* NazerkeTableViewTests.xctest */,
				DAC207932EC6F0A30035192E /* NazerkeTableViewUITests.xctest */,
			);
			name = Products;
			sourceTree = "<group>";
		};
/* End PBXGroup section */

/* Begin PBXNativeTarget section */
		DAC207722EC6F0A20035192E /* NazerkeTableView */ = {
			isa = PBXNativeTarget;
			buildConfigurationList = DAC2079C2EC6F0A30035192E /* Build configuration list for PBXNativeTarget "NazerkeTableView" */;
			buildPhases = (
				DAC2076F2EC6F0A20035192E /* Sources */,
				DAC207702EC6F0A20035192E /* Frameworks */,
				DAC207712EC6F0A20035192E /* Resources */,
			);
			buildRules = (
			);
			dependencies = (
			);
			fileSystemSynchronizedGroups = (
				DAC207752EC6F0A20035192E /* NazerkeTableView */,
			);
			name = NazerkeTableView;
			packageProductDependencies = (
			);
			productName = NazerkeTableView;
			productReference = DAC207732EC6F0A20035192E /* NazerkeTableView.app */;
			productType = "com.apple.product-type.application";
		};
		DAC207882EC6F0A30035192E /* NazerkeTableViewTests */ = {
			isa = PBXNativeTarget;
			buildConfigurationList = DAC207A12EC6F0A30035192E /* Build configuration list for PBXNativeTarget "NazerkeTableViewTests" */;
			buildPhases = (
				DAC207852EC6F0A30035192E /* Sources */,
				DAC207862EC6F0A30035192E /* Frameworks */,
				DAC207872EC6F0A30035192E /* Resources */,
			);
			buildRules = (
			);
			dependencies = (
				DAC2078B2EC6F0A30035192E /* PBXTargetDependency */,
			);
			fileSystemSynchronizedGroups = (
				DAC2078C2EC6F0A30035192E /* NazerkeTableViewTests */,
			);
			name = NazerkeTableViewTests;
			packageProductDependencies = (
			);
			productName = NazerkeTableViewTests;
			productReference = DAC207892EC6F0A30035192E /* NazerkeTableViewTests.xctest */;
			productType = "com.apple.product-type.bundle.unit-test";
		};
		DAC207922EC6F0A30035192E /* NazerkeTableViewUITests */ = {
			isa = PBXNativeTarget;
			buildConfigurationList = DAC207A42EC6F0A30035192E /* Build configuration list for PBXNativeTarget "NazerkeTableViewUITests" */;
			buildPhases = (
				DAC2078F2EC6F0A30035192E /* Sources */,
				DAC207902EC6F0A30035192E /* Frameworks */,
				DAC207912EC6F0A30035192E /* Resources */,
			);
			buildRules = (
			);
			dependencies = (
				DAC207952EC6F0A30035192E /* PBXTargetDependency */,
			);
			fileSystemSynchronizedGroups = (
				DAC207962EC6F0A30035192E /* NazerkeTableViewUITests */,
			);
			name = NazerkeTableViewUITests;
			packageProductDependencies = (
			);
			productName = NazerkeTableViewUITests;
			productReference = DAC207932EC6F0A30035192E /* NazerkeTableViewUITests.xctest */;
			productType = "com.apple.product-type.bundle.ui-testing";
		};
/* End PBXNativeTarget section */

/* Begin PBXProject section */
		DAC2076B2EC6F0A20035192E /* Project object */ = {
			isa = PBXProject;
			attributes = {
				BuildIndependentTargetsInParallel = 1;
				LastSwiftUpdateCheck = 1620;
				LastUpgradeCheck = 1620;
				TargetAttributes = {
					DAC207722EC6F0A20035192E = {
						CreatedOnToolsVersion = 16.2;
					};
					DAC207882EC6F0A30035192E = {
						CreatedOnToolsVersion = 16.2;
						TestTargetID = DAC207722EC6F0A20035192E;
					};
					DAC207922EC6F0A30035192E = {
						CreatedOnToolsVersion = 16.2;
						TestTargetID = DAC207722EC6F0A20035192E;
					};
				};
			};
			buildConfigurationList = DAC2076E2EC6F0A20035192E /* Build configuration list for PBXProject "NazerkeTableView" */;
			developmentRegion = en;
			hasScannedForEncodings = 0;
			knownRegions = (
				en,
				Base,
			);
			mainGroup = DAC2076A2EC6F0A20035192E;
			minimizedProjectReferenceProxies = 1;
			preferredProjectObjectVersion = 77;
			productRefGroup = DAC207742EC6F0A20035192E /* Products */;
			projectDirPath = "";
			projectRoot = "";
			targets = (
				DAC207722EC6F0A20035192E /* NazerkeTableView */,
				DAC207882EC6F0A30035192E /* NazerkeTableViewTests */,
				DAC207922EC6F0A30035192E /* NazerkeTableViewUITests */,
			);
		};
/* End PBXProject section */

/* Begin PBXResourcesBuildPhase section */
		DAC207712EC6F0A20035192E /* Resources */ = {
			isa = PBXResourcesBuildPhase;
			buildActionMask = 2147483647;
			files = (
			);
			runOnlyForDeploymentPostprocessing = 0;
		};
		DAC207872EC6F0A30035192E /* Resources */ = {
			isa = PBXResourcesBuildPhase;
			buildActionMask = 2147483647;
			files = (
			);
			runOnlyForDeploymentPostprocessing = 0;
		};
		DAC207912EC6F0A30035192E /* Resources */ = {
			isa = PBXResourcesBuildPhase;
			buildActionMask = 2147483647;
			files = (
			);
			runOnlyForDeploymentPostprocessing = 0;
		};
/* End PBXResourcesBuildPhase section */

/* Begin PBXSourcesBuildPhase section */
		DAC2076F2EC6F0A20035192E /* Sources */ = {
			isa = PBXSourcesBuildPhase;
			buildActionMask = 2147483647;
			files = (
			);
			runOnlyForDeploymentPostprocessing = 0;
		};
		DAC207852EC6F0A30035192E /* Sources */ = {
			isa = PBXSourcesBuildPhase;
			buildActionMask = 2147483647;
			files = (
			);
			runOnlyForDeploymentPostprocessing = 0;
		};
		DAC2078F2EC6F0A30035192E /* Sources */ = {
			isa = PBXSourcesBuildPhase;
			buildActionMask = 2147483647;
			files = (
			);
			runOnlyForDeploymentPostprocessing = 0;
		};
/* End PBXSourcesBuildPhase section */

/* Begin PBXTargetDependency section */
		DAC2078B2EC6F0A30035192E /* PBXTargetDependency */ = {
			isa = PBXTargetDependency;
			target = DAC207722EC6F0A20035192E /* NazerkeTableView */;
			targetProxy = DAC2078A2EC6F0A30035192E /* PBXContainerItemProxy */;
		};
		DAC207952EC6F0A30035192E /* PBXTargetDependency */ = {
			isa = PBXTargetDependency;
			target = DAC207722EC6F0A20035192E /* NazerkeTableView */;
			targetProxy = DAC207942EC6F0A30035192E /* PBXContainerItemProxy */;
		};
/* End PBXTargetDependency section */

/* Begin XCBuildConfiguration section */
		DAC2079D2EC6F0A30035192E /* Debug */ = {
			isa = XCBuildConfiguration;
			buildSettings = {
				ASSETCATALOG_COMPILER_APPICON_NAME = AppIcon;
				ASSETCATALOG_COMPILER_GLOBAL_ACCENT_COLOR_NAME = AccentColor;
				CODE_SIGN_STYLE = Automatic;
				CURRENT_PROJECT_VERSION = 1;
				GENERATE_INFOPLIST_FILE = YES;
				INFOPLIST_FILE = NazerkeTableView/Info.plist;
				INFOPLIST_KEY_UIApplicationSupportsIndirectInputEvents = YES;
				INFOPLIST_KEY_UILaunchStoryboardName = LaunchScreen;
				INFOPLIST_KEY_UIMainStoryboardFile = Main;
				INFOPLIST_KEY_UISupportedInterfaceOrientations_iPad = "UIInterfaceOrientationPortrait UIInterfaceOrientationPortraitUpsideDown UIInterfaceOrientationLandscapeLeft UIInterfaceOrientationLandscapeRight";
				INFOPLIST_KEY_UISupportedInterfaceOrientations_iPhone = "UIInterfaceOrientationPortrait UIInterfaceOrientationLandscapeLeft UIInterfaceOrientationLandscapeRight";
				LD_RUNPATH_SEARCH_PATHS = (
					"$(inherited)",
					"@executable_path/Frameworks",
				);
				MARKETING_VERSION = 1.0;
				PRODUCT_BUNDLE_IDENTIFIER = labs.NazerkeTableView;
				PRODUCT_NAME = "$(TARGET_NAME)";
				SWIFT_EMIT_LOC_STRINGS = YES;
				SWIFT_VERSION = 5.0;
				TARGETED_DEVICE_FAMILY = "1,2";
			};
			name = Debug;
		};
		DAC2079E2EC6F0A30035192E /* Release */ = {
			isa = XCBuildConfiguration;
			buildSettings = {
				ASSETCATALOG_COMPILER_APPICON_NAME = AppIcon;
				ASSETCATALOG_COMPILER_GLOBAL_ACCENT_COLOR_NAME = AccentColor;
				CODE_SIGN_STYLE = Automatic;
				CURRENT_PROJECT_VERSION = 1;
				GENERATE_INFOPLIST_FILE = YES;
				INFOPLIST_FILE = NazerkeTableView/Info.plist;
				INFOPLIST_KEY_UIApplicationSupportsIndirectInputEvents = YES;
				INFOPLIST_KEY_UILaunchStoryboardName = LaunchScreen;
				INFOPLIST_KEY_UIMainStoryboardFile = Main;
				INFOPLIST_KEY_UISupportedInterfaceOrientations_iPad = "UIInterfaceOrientationPortrait UIInterfaceOrientationPortraitUpsideDown UIInterfaceOrientationLandscapeLeft UIInterfaceOrientationLandscapeRight";
				INFOPLIST_KEY_UISupportedInterfaceOrientations_iPhone = "UIInterfaceOrientationPortrait UIInterfaceOrientationLandscapeLeft UIInterfaceOrientationLandscapeRight";
				LD_RUNPATH_SEARCH_PATHS = (
					"$(inherited)",
					"@executable_path/Frameworks",
				);
				MARKETING_VERSION = 1.0;
				PRODUCT_BUNDLE_IDENTIFIER = labs.NazerkeTableView;
				PRODUCT_NAME = "$(TARGET_NAME)";
				SWIFT_EMIT_LOC_STRINGS = YES;
				SWIFT_VERSION = 5.0;
				TARGETED_DEVICE_FAMILY = "1,2";
			};
			name = Release;
		};
		DAC2079F2EC6F0A30035192E /* Debug */ = {
			isa = XCBuildConfiguration;
			buildSettings = {
				ALWAYS_SEARCH_USER_PATHS = NO;
				ASSETCATALOG_COMPILER_GENERATE_SWIFT_ASSET_SYMBOL_EXTENSIONS = YES;
				CLANG_ANALYZER_NONNULL = YES;
				CLANG_ANALYZER_NUMBER_OBJECT_CONVERSION = YES_AGGRESSIVE;
				CLANG_CXX_LANGUAGE_STANDARD = "gnu++20";
				CLANG_ENABLE_MODULES = YES;
				CLANG_ENABLE_OBJC_ARC = YES;
				CLANG_ENABLE_OBJC_WEAK = YES;
				CLANG_WARN_BLOCK_CAPTURE_AUTORELEASING = YES;
				CLANG_WARN_BOOL_CONVERSION = YES;
				CLANG_WARN_COMMA = YES;
				CLANG_WARN_CONSTANT_CONVERSION = YES;
				CLANG_WARN_DEPRECATED_OBJC_IMPLEMENTATIONS = YES;
				CLANG_WARN_DIRECT_OBJC_ISA_USAGE = YES_ERROR;
				CLANG_WARN_DOCUMENTATION_COMMENTS = YES;
				CLANG_WARN_EMPTY_BODY = YES;
				CLANG_WARN_ENUM_CONVERSION = YES;
				CLANG_WARN_INFINITE_RECURSION = YES;
				CLANG_WARN_INT_CONVERSION = YES;
				CLANG_WARN_NON_LITERAL_NULL_CONVERSION = YES;
				CLANG_WARN_OBJC_IMPLICIT_RETAIN_SELF = YES;
				CLANG_WARN_OBJC_LITERAL_CONVERSION = YES;
				CLANG_WARN_OBJC_ROOT_CLASS = YES_ERROR;
				CLANG_WARN_QUOTED_INCLUDE_IN_FRAMEWORK_HEADER = YES;
				CLANG_WARN_RANGE_LOOP_ANALYSIS = YES;
				CLANG_WARN_STRICT_PROTOTYPES = YES;
				CLANG_WARN_SUSPICIOUS_MOVE = YES;
				CLANG_WARN_UNGUARDED_AVAILABILITY = YES_AGGRESSIVE;
				CLANG_WARN_UNREACHABLE_CODE = YES;
				CLANG_WARN__DUPLICATE_METHOD_MATCH = YES;
				COPY_PHASE_STRIP = NO;
				DEBUG_INFORMATION_FORMAT = dwarf;
				ENABLE_STRICT_OBJC_MSGSEND = YES;
				ENABLE_TESTABILITY = YES;
				ENABLE_USER_SCRIPT_SANDBOXING = YES;
				GCC_C_LANGUAGE_STANDARD = gnu17;
				GCC_DYNAMIC_NO_PIC = NO;
				GCC_NO_COMMON_BLOCKS = YES;
				GCC_OPTIMIZATION_LEVEL = 0;
				GCC_PREPROCESSOR_DEFINITIONS = (
					"DEBUG=1",
					"$(inherited)",
				);
				GCC_WARN_64_TO_32_BIT_CONVERSION = YES;
				GCC_WARN_ABOUT_RETURN_TYPE = YES_ERROR;
				GCC_WARN_UNDECLARED_SELECTOR = YES;
				GCC_WARN_UNINITIALIZED_AUTOS = YES_AGGRESSIVE;
				GCC_WARN_UNUSED_FUNCTION = YES;
				GCC_WARN_UNUSED_VARIABLE = YES;
				IPHONEOS_DEPLOYMENT_TARGET = 18.2;
				LOCALIZATION_PREFERS_STRING_CATALOGS = YES;
				MTL_ENABLE_DEBUG_INFO = INCLUDE_SOURCE;
				MTL_FAST_MATH = YES;
				ONLY_ACTIVE_ARCH = YES;
				SDKROOT = iphoneos;
				SWIFT_ACTIVE_COMPILATION_CONDITIONS = "DEBUG $(inherited)";
				SWIFT_OPTIMIZATION_LEVEL = "-Onone";
			};
			name = Debug;
		};
		DAC207A02EC6F0A30035192E /* Release */ = {
			isa = XCBuildConfiguration;
			buildSettings = {
				ALWAYS_SEARCH_USER_PATHS = NO;
				ASSETCATALOG_COMPILER_GENERATE_SWIFT_ASSET_SYMBOL_EXTENSIONS = YES;
				CLANG_ANALYZER_NONNULL = YES;
				CLANG_ANALYZER_NUMBER_OBJECT_CONVERSION = YES_AGGRESSIVE;
				CLANG_CXX_LANGUAGE_STANDARD = "gnu++20";
				CLANG_ENABLE_MODULES = YES;
				CLANG_ENABLE_OBJC_ARC = YES;
				CLANG_ENABLE_OBJC_WEAK = YES;
				CLANG_WARN_BLOCK_CAPTURE_AUTORELEASING = YES;
				CLANG_WARN_BOOL_CONVERSION = YES;
				CLANG_WARN_COMMA = YES;
				CLANG_WARN_CONSTANT_CONVERSION = YES;
				CLANG_WARN_DEPRECATED_OBJC_IMPLEMENTATIONS = YES;
				CLANG_WARN_DIRECT_OBJC_ISA_USAGE = YES_ERROR;
				CLANG_WARN_DOCUMENTATION_COMMENTS = YES;
				CLANG_WARN_EMPTY_BODY = YES;
				CLANG_WARN_ENUM_CONVERSION = YES;
				CLANG_WARN_INFINITE_RECURSION = YES;
				CLANG_WARN_INT_CONVERSION = YES;
				CLANG_WARN_NON_LITERAL_NULL_CONVERSION = YES;
				CLANG_WARN_OBJC_IMPLICIT_RETAIN_SELF = YES;
				CLANG_WARN_OBJC_LITERAL_CONVERSION = YES;
				CLANG_WARN_OBJC_ROOT_CLASS = YES_ERROR;
				CLANG_WARN_QUOTED_INCLUDE_IN_FRAMEWORK_HEADER = YES;
				CLANG_WARN_RANGE_LOOP_ANALYSIS = YES;
				CLANG_WARN_STRICT_PROTOTYPES = YES;
				CLANG_WARN_SUSPICIOUS_MOVE = YES;
				CLANG_WARN_UNGUARDED_AVAILABILITY = YES_AGGRESSIVE;
				CLANG_WARN_UNREACHABLE_CODE = YES;
				CLANG_WARN__DUPLICATE_METHOD_MATCH = YES;
				COPY_PHASE_STRIP = NO;
				DEBUG_INFORMATION_FORMAT = "dwarf-with-dsym";
				ENABLE_NS_ASSERTIONS = NO;
				ENABLE_STRICT_OBJC_MSGSEND = YES;
				ENABLE_USER_SCRIPT_SANDBOXING = YES;
				GCC_C_LANGUAGE_STANDARD = gnu17;
				GCC_NO_COMMON_BLOCKS = YES;
				GCC_WARN_64_TO_32_BIT_CONVERSION = YES;
				GCC_WARN_ABOUT_RETURN_TYPE = YES_ERROR;
				GCC_WARN_UNDECLARED_SELECTOR = YES;
				GCC_WARN_UNINITIALIZED_AUTOS = YES_AGGRESSIVE;
				GCC_WARN_UNUSED_FUNCTION = YES;
				GCC_WARN_UNUSED_VARIABLE = YES;
				IPHONEOS_DEPLOYMENT_TARGET = 18.2;
				LOCALIZATION_PREFERS_STRING_CATALOGS = YES;
				MTL_ENABLE_DEBUG_INFO = NO;
				MTL_FAST_MATH = YES;
				SDKROOT = iphoneos;
				SWIFT_COMPILATION_MODE = wholemodule;
				VALIDATE_PRODUCT = YES;
			};
			name = Release;
		};
		DAC207A22EC6F0A30035192E /* Debug */ = {
			isa = XCBuildConfiguration;
			buildSettings = {
				BUNDLE_LOADER = "$(TEST_HOST)";
				CODE_SIGN_STYLE = Automatic;
				CURRENT_PROJECT_VERSION = 1;
				GENERATE_INFOPLIST_FILE = YES;
				IPHONEOS_DEPLOYMENT_TARGET = 18.2;
				MARKETING_VERSION = 1.0;
				PRODUCT_BUNDLE_IDENTIFIER = labs.NazerkeTableViewTests;
				PRODUCT_NAME = "$(TARGET_NAME)";
				SWIFT_EMIT_LOC_STRINGS = NO;
				SWIFT_VERSION = 5.0;
				TARGETED_DEVICE_FAMILY = "1,2";
				TEST_HOST = "$(BUILT_PRODUCTS_DIR)/NazerkeTableView.app/$(BUNDLE_EXECUTABLE_FOLDER_PATH)/NazerkeTableView";
			};
			name = Debug;
		};
		DAC207A32EC6F0A30035192E /* Release */ = {
			isa = XCBuildConfiguration;
			buildSettings = {
				BUNDLE_LOADER = "$(TEST_HOST)";
				CODE_SIGN_STYLE = Automatic;
				CURRENT_PROJECT_VERSION = 1;
				GENERATE_INFOPLIST_FILE = YES;
				IPHONEOS_DEPLOYMENT_TARGET = 18.2;
				MARKETING_VERSION = 1.0;
				PRODUCT_BUNDLE_IDENTIFIER = labs.NazerkeTableViewTests;
				PRODUCT_NAME = "$(TARGET_NAME)";
				SWIFT_EMIT_LOC_STRINGS = NO;
				SWIFT_VERSION = 5.0;
				TARGETED_DEVICE_FAMILY = "1,2";
				TEST_HOST = "$(BUILT_PRODUCTS_DIR)/NazerkeTableView.app/$(BUNDLE_EXECUTABLE_FOLDER_PATH)/NazerkeTableView";
			};
			name = Release;
		};
		DAC207A52EC6F0A30035192E /* Debug */ = {
			isa = XCBuildConfiguration;
			buildSettings = {
				CODE_SIGN_STYLE = Automatic;
				CURRENT_PROJECT_VERSION = 1;
				GENERATE_INFOPLIST_FILE = YES;
				MARKETING_VERSION = 1.0;
				PRODUCT_BUNDLE_IDENTIFIER = labs.NazerkeTableViewUITests;
				PRODUCT_NAME = "$(TARGET_NAME)";
				SWIFT_EMIT_LOC_STRINGS = NO;
				SWIFT_VERSION = 5.0;
				TARGETED_DEVICE_FAMILY = "1,2";
				TEST_TARGET_NAME = NazerkeTableView;
			};
			name = Debug;
		};
		DAC207A62EC6F0A30035192E /* Release */ = {
			isa = XCBuildConfiguration;
			buildSettings = {
				CODE_SIGN_STYLE = Automatic;
				CURRENT_PROJECT_VERSION = 1;
				GENERATE_INFOPLIST_FILE = YES;
				MARKETING_VERSION = 1.0;
				PRODUCT_BUNDLE_IDENTIFIER = labs.NazerkeTableViewUITests;
				PRODUCT_NAME = "$(TARGET_NAME)";
				SWIFT_EMIT_LOC_STRINGS = NO;
				SWIFT_VERSION = 5.0;
				TARGETED_DEVICE_FAMILY = "1,2";
				TEST_TARGET_NAME = NazerkeTableView;
			};
			name = Release;
		};
/* End XCBuildConfiguration section */

/* Begin XCConfigurationList section */
		DAC2076E2EC6F0A20035192E /* Build configuration list for PBXProject "NazerkeTableView" */ = {
			isa = XCConfigurationList;
			buildConfigurations = (
				DAC2079F2EC6F0A30035192E /* Debug */,
				DAC207A02EC6F0A30035192E /* Release */,
			);
			defaultConfigurationIsVisible = 0;
			defaultConfigurationName = Release;
		};
		DAC2079C2EC6F0A30035192E /* Build configuration list for PBXNativeTarget "NazerkeTableView" */ = {
			isa = XCConfigurationList;
			buildConfigurations = (
				DAC2079D2EC6F0A30035192E /* Debug */,
				DAC2079E2EC6F0A30035192E /* Release */,
			);
			defaultConfigurationIsVisible = 0;
			defaultConfigurationName = Release;
		};
		DAC207A12EC6F0A30035192E /* Build configuration list for PBXNativeTarget "NazerkeTableViewTests" */ = {
			isa = XCConfigurationList;
			buildConfigurations = (
				DAC207A22EC6F0A30035192E /* Debug */,
				DAC207A32EC6F0A30035192E /* Release */,
			);
			defaultConfigurationIsVisible = 0;
			defaultConfigurationName = Release;
		};
		DAC207A42EC6F0A30035192E /* Build configuration list for PBXNativeTarget "NazerkeTableViewUITests" */ = {
			isa = XCConfigurationList;
			buildConfigurations = (
				DAC207A52EC6F0A30035192E /* Debug */,
				DAC207A62EC6F0A30035192E /* Release */,
			);
			defaultConfigurationIsVisible = 0;
			defaultConfigurationName = Release;
		};
/* End XCConfigurationList section */
	};
	rootObject = DAC2076B2EC6F0A20035192E /* Project object */;
}
