// !$*UTF8*$!
{
	archiveVersion = 1;
	classes = {
	};
	objectVersion = 77;
	objects = {

/* Begin PBXContainerItemProxy section */
		DA42430D2EBC6C2F0098588F /* PBXContainerItemProxy */ = {
			isa = PBXContainerItemProxy;
			containerPortal = DA4242EE2EBC6C2E0098588F /* Project object */;
			proxyType = 1;
			remoteGlobalIDString = DA4242F52EBC6C2E0098588F;
			remoteInfo = Nazerke_MusicPlayer;
		};
		DA4243172EBC6C2F0098588F /* PBXContainerItemProxy */ = {
			isa = PBXContainerItemProxy;
			containerPortal = DA4242EE2EBC6C2E0098588F /* Project object */;
			proxyType = 1;
			remoteGlobalIDString = DA4242F52EBC6C2E0098588F;
			remoteInfo = Nazerke_MusicPlayer;
		};
/* End PBXContainerItemProxy section */

/* Begin PBXFileReference section */
		DA4242F62EBC6C2E0098588F /* Nazerke_MusicPlayer.app */ = {isa = PBXFileReference; explicitFileType = wrapper.application; includeInIndex = 0; path = Nazerke_MusicPlayer.app; sourceTree = BUILT_PRODUCTS_DIR; };
		DA42430C2EBC6C2F0098588F /* Nazerke_MusicPlayerTests.xctest */ = {isa = PBXFileReference; explicitFileType = wrapper.cfbundle; includeInIndex = 0; path = Nazerke_MusicPlayerTests.xctest; sourceTree = BUILT_PRODUCTS_DIR; };
		DA4243162EBC6C2F0098588F /* Nazerke_MusicPlayerUITests.xctest */ = {isa = PBXFileReference; explicitFileType = wrapper.cfbundle; includeInIndex = 0; path = Nazerke_MusicPlayerUITests.xctest; sourceTree = BUILT_PRODUCTS_DIR; };
/* End PBXFileReference section */

/* Begin PBXFileSystemSynchronizedBuildFileExceptionSet section */
		DA42431E2EBC6C2F0098588F /* Exceptions for "Nazerke_MusicPlayer" folder in "Nazerke_MusicPlayer" target */ = {
			isa = PBXFileSystemSynchronizedBuildFileExceptionSet;
			membershipExceptions = (
				Info.plist,
			);
			target = DA4242F52EBC6C2E0098588F /* Nazerke_MusicPlayer */;
		};
/* End PBXFileSystemSynchronizedBuildFileExceptionSet section */

/* Begin PBXFileSystemSynchronizedRootGroup section */
		DA4242F82EBC6C2E0098588F /* Nazerke_MusicPlayer */ = {
			isa = PBXFileSystemSynchronizedRootGroup;
			exceptions = (
				DA42431E2EBC6C2F0098588F /* Exceptions for "Nazerke_MusicPlayer" folder in "Nazerke_MusicPlayer" target */,
			);
			path = Nazerke_MusicPlayer;
			sourceTree = "<group>";
		};
		DA42430F2EBC6C2F0098588F /* Nazerke_MusicPlayerTests */ = {
			isa = PBXFileSystemSynchronizedRootGroup;
			path = Nazerke_MusicPlayerTests;
			sourceTree = "<group>";
		};
		DA4243192EBC6C2F0098588F /* Nazerke_MusicPlayerUITests */ = {
			isa = PBXFileSystemSynchronizedRootGroup;
			path = Nazerke_MusicPlayerUITests;
			sourceTree = "<group>";
		};
/* End PBXFileSystemSynchronizedRootGroup section */

/* Begin PBXFrameworksBuildPhase section */
		DA4242F32EBC6C2E0098588F /* Frameworks */ = {
			isa = PBXFrameworksBuildPhase;
			buildActionMask = 2147483647;
			files = (
			);
			runOnlyForDeploymentPostprocessing = 0;
		};
		DA4243092EBC6C2F0098588F /* Frameworks */ = {
			isa = PBXFrameworksBuildPhase;
			buildActionMask = 2147483647;
			files = (
			);
			runOnlyForDeploymentPostprocessing = 0;
		};
		DA4243132EBC6C2F0098588F /* Frameworks */ = {
			isa = PBXFrameworksBuildPhase;
			buildActionMask = 2147483647;
			files = (
			);
			runOnlyForDeploymentPostprocessing = 0;
		};
/* End PBXFrameworksBuildPhase section */

/* Begin PBXGroup section */
		DA4242ED2EBC6C2E0098588F = {
			isa = PBXGroup;
			children = (
				DA4242F82EBC6C2E0098588F /* Nazerke_MusicPlayer */,
				DA42430F2EBC6C2F0098588F /* Nazerke_MusicPlayerTests */,
				DA4243192EBC6C2F0098588F /* Nazerke_MusicPlayerUITests */,
				DA4242F72EBC6C2E0098588F /* Products */,
			);
			sourceTree = "<group>";
		};
		DA4242F72EBC6C2E0098588F /* Products */ = {
			isa = PBXGroup;
			children = (
				DA4242F62EBC6C2E0098588F /* Nazerke_MusicPlayer.app */,
				DA42430C2EBC6C2F0098588F /* Nazerke_MusicPlayerTests.xctest */,
				DA4243162EBC6C2F0098588F /* Nazerke_MusicPlayerUITests.xctest */,
			);
			name = Products;
			sourceTree = "<group>";
		};
/* End PBXGroup section */

/* Begin PBXNativeTarget section */
		DA4242F52EBC6C2E0098588F /* Nazerke_MusicPlayer */ = {
			isa = PBXNativeTarget;
			buildConfigurationList = DA42431F2EBC6C2F0098588F /* Build configuration list for PBXNativeTarget "Nazerke_MusicPlayer" */;
			buildPhases = (
				DA4242F22EBC6C2E0098588F /* Sources */,
				DA4242F32EBC6C2E0098588F /* Frameworks */,
				DA4242F42EBC6C2E0098588F /* Resources */,
			);
			buildRules = (
			);
			dependencies = (
			);
			fileSystemSynchronizedGroups = (
				DA4242F82EBC6C2E0098588F /* Nazerke_MusicPlayer */,
			);
			name = Nazerke_MusicPlayer;
			packageProductDependencies = (
			);
			productName = Nazerke_MusicPlayer;
			productReference = DA4242F62EBC6C2E0098588F /* Nazerke_MusicPlayer.app */;
			productType = "com.apple.product-type.application";
		};
		DA42430B2EBC6C2F0098588F /* Nazerke_MusicPlayerTests */ = {
			isa = PBXNativeTarget;
			buildConfigurationList = DA4243242EBC6C2F0098588F /* Build configuration list for PBXNativeTarget "Nazerke_MusicPlayerTests" */;
			buildPhases = (
				DA4243082EBC6C2F0098588F /* Sources */,
				DA4243092EBC6C2F0098588F /* Frameworks */,
				DA42430A2EBC6C2F0098588F /* Resources */,
			);
			buildRules = (
			);
			dependencies = (
				DA42430E2EBC6C2F0098588F /* PBXTargetDependency */,
			);
			fileSystemSynchronizedGroups = (
				DA42430F2EBC6C2F0098588F /* Nazerke_MusicPlayerTests */,
			);
			name = Nazerke_MusicPlayerTests;
			packageProductDependencies = (
			);
			productName = Nazerke_MusicPlayerTests;
			productReference = DA42430C2EBC6C2F0098588F /* Nazerke_MusicPlayerTests.xctest */;
			productType = "com.apple.product-type.bundle.unit-test";
		};
		DA4243152EBC6C2F0098588F /* Nazerke_MusicPlayerUITests */ = {
			isa = PBXNativeTarget;
			buildConfigurationList = DA4243272EBC6C2F0098588F /* Build configuration list for PBXNativeTarget "Nazerke_MusicPlayerUITests" */;
			buildPhases = (
				DA4243122EBC6C2F0098588F /* Sources */,
				DA4243132EBC6C2F0098588F /* Frameworks */,
				DA4243142EBC6C2F0098588F /* Resources */,
			);
			buildRules = (
			);
			dependencies = (
				DA4243182EBC6C2F0098588F /* PBXTargetDependency */,
			);
			fileSystemSynchronizedGroups = (
				DA4243192EBC6C2F0098588F /* Nazerke_MusicPlayerUITests */,
			);
			name = Nazerke_MusicPlayerUITests;
			packageProductDependencies = (
			);
			productName = Nazerke_MusicPlayerUITests;
			productReference = DA4243162EBC6C2F0098588F /* Nazerke_MusicPlayerUITests.xctest */;
			productType = "com.apple.product-type.bundle.ui-testing";
		};
/* End PBXNativeTarget section */

/* Begin PBXProject section */
		DA4242EE2EBC6C2E0098588F /* Project object */ = {
			isa = PBXProject;
			attributes = {
				BuildIndependentTargetsInParallel = 1;
				LastSwiftUpdateCheck = 1620;
				LastUpgradeCheck = 1620;
				TargetAttributes = {
					DA4242F52EBC6C2E0098588F = {
						CreatedOnToolsVersion = 16.2;
					};
					DA42430B2EBC6C2F0098588F = {
						CreatedOnToolsVersion = 16.2;
						TestTargetID = DA4242F52EBC6C2E0098588F;
					};
					DA4243152EBC6C2F0098588F = {
						CreatedOnToolsVersion = 16.2;
						TestTargetID = DA4242F52EBC6C2E0098588F;
					};
				};
			};
			buildConfigurationList = DA4242F12EBC6C2E0098588F /* Build configuration list for PBXProject "Nazerke_MusicPlayer" */;
			developmentRegion = en;
			hasScannedForEncodings = 0;
			knownRegions = (
				en,
				Base,
			);
			mainGroup = DA4242ED2EBC6C2E0098588F;
			minimizedProjectReferenceProxies = 1;
			preferredProjectObjectVersion = 77;
			productRefGroup = DA4242F72EBC6C2E0098588F /* Products */;
			projectDirPath = "";
			projectRoot = "";
			targets = (
				DA4242F52EBC6C2E0098588F /* Nazerke_MusicPlayer */,
				DA42430B2EBC6C2F0098588F /* Nazerke_MusicPlayerTests */,
				DA4243152EBC6C2F0098588F /* Nazerke_MusicPlayerUITests */,
			);
		};
/* End PBXProject section */

/* Begin PBXResourcesBuildPhase section */
		DA4242F42EBC6C2E0098588F /* Resources */ = {
			isa = PBXResourcesBuildPhase;
			buildActionMask = 2147483647;
			files = (
			);
			runOnlyForDeploymentPostprocessing = 0;
		};
		DA42430A2EBC6C2F0098588F /* Resources */ = {
			isa = PBXResourcesBuildPhase;
			buildActionMask = 2147483647;
			files = (
			);
			runOnlyForDeploymentPostprocessing = 0;
		};
		DA4243142EBC6C2F0098588F /* Resources */ = {
			isa = PBXResourcesBuildPhase;
			buildActionMask = 2147483647;
			files = (
			);
			runOnlyForDeploymentPostprocessing = 0;
		};
/* End PBXResourcesBuildPhase section */

/* Begin PBXSourcesBuildPhase section */
		DA4242F22EBC6C2E0098588F /* Sources */ = {
			isa = PBXSourcesBuildPhase;
			buildActionMask = 2147483647;
			files = (
			);
			runOnlyForDeploymentPostprocessing = 0;
		};
		DA4243082EBC6C2F0098588F /* Sources */ = {
			isa = PBXSourcesBuildPhase;
			buildActionMask = 2147483647;
			files = (
			);
			runOnlyForDeploymentPostprocessing = 0;
		};
		DA4243122EBC6C2F0098588F /* Sources */ = {
			isa = PBXSourcesBuildPhase;
			buildActionMask = 2147483647;
			files = (
			);
			runOnlyForDeploymentPostprocessing = 0;
		};
/* End PBXSourcesBuildPhase section */

/* Begin PBXTargetDependency section */
		DA42430E2EBC6C2F0098588F /* PBXTargetDependency */ = {
			isa = PBXTargetDependency;
			target = DA4242F52EBC6C2E0098588F /* Nazerke_MusicPlayer */;
			targetProxy = DA42430D2EBC6C2F0098588F /* PBXContainerItemProxy */;
		};
		DA4243182EBC6C2F0098588F /* PBXTargetDependency */ = {
			isa = PBXTargetDependency;
			target = DA4242F52EBC6C2E0098588F /* Nazerke_MusicPlayer */;
			targetProxy = DA4243172EBC6C2F0098588F /* PBXContainerItemProxy */;
		};
/* End PBXTargetDependency section */

/* Begin XCBuildConfiguration section */
		DA4243202EBC6C2F0098588F /* Debug */ = {
			isa = XCBuildConfiguration;
			buildSettings = {
				ASSETCATALOG_COMPILER_APPICON_NAME = AppIcon;
				ASSETCATALOG_COMPILER_GLOBAL_ACCENT_COLOR_NAME = AccentColor;
				CODE_SIGN_STYLE = Automatic;
				CURRENT_PROJECT_VERSION = 1;
				GENERATE_INFOPLIST_FILE = YES;
				INFOPLIST_FILE = Nazerke_MusicPlayer/Info.plist;
				INFOPLIST_KEY_UIApplicationSupportsIndirectInputEvents = YES;
				INFOPLIST_KEY_UILaunchStoryboardName = LaunchScreen;
				INFOPLIST_KEY_UIMainStoryboardFile = Main;
				INFOPLIST_KEY_UISupportedInterfaceOrientations_iPad = "UIInterfaceOrientationPortrait UIInterfaceOrientationPortraitUpsideDown UIInterfaceOrientationLandscapeLeft UIInterfaceOrientationLandscapeRight";
				INFOPLIST_KEY_UISupportedInterfaceOrientations_iPhone = "UIInterfaceOrientationPortrait UIInterfaceOrientationLandscapeLeft UIInterfaceOrientationLandscapeRight";
				LD_RUNPATH_SEARCH_PATHS = (
					"$(inherited)",
					"@executable_path/Frameworks",
				);
				MARKETING_VERSION = 1.0;
				PRODUCT_BUNDLE_IDENTIFIER = "labs.Nazerke-MusicPlayer";
				PRODUCT_NAME = "$(TARGET_NAME)";
				SWIFT_EMIT_LOC_STRINGS = YES;
				SWIFT_VERSION = 5.0;
				TARGETED_DEVICE_FAMILY = "1,2";
			};
			name = Debug;
		};
		DA4243212EBC6C2F0098588F /* Release */ = {
			isa = XCBuildConfiguration;
			buildSettings = {
				ASSETCATALOG_COMPILER_APPICON_NAME = AppIcon;
				ASSETCATALOG_COMPILER_GLOBAL_ACCENT_COLOR_NAME = AccentColor;
				CODE_SIGN_STYLE = Automatic;
				CURRENT_PROJECT_VERSION = 1;
				GENERATE_INFOPLIST_FILE = YES;
				INFOPLIST_FILE = Nazerke_MusicPlayer/Info.plist;
				INFOPLIST_KEY_UIApplicationSupportsIndirectInputEvents = YES;
				INFOPLIST_KEY_UILaunchStoryboardName = LaunchScreen;
				INFOPLIST_KEY_UIMainStoryboardFile = Main;
				INFOPLIST_KEY_UISupportedInterfaceOrientations_iPad = "UIInterfaceOrientationPortrait UIInterfaceOrientationPortraitUpsideDown UIInterfaceOrientationLandscapeLeft UIInterfaceOrientationLandscapeRight";
				INFOPLIST_KEY_UISupportedInterfaceOrientations_iPhone = "UIInterfaceOrientationPortrait UIInterfaceOrientationLandscapeLeft UIInterfaceOrientationLandscapeRight";
				LD_RUNPATH_SEARCH_PATHS = (
					"$(inherited)",
					"@executable_path/Frameworks",
				);
				MARKETING_VERSION = 1.0;
				PRODUCT_BUNDLE_IDENTIFIER = "labs.Nazerke-MusicPlayer";
				PRODUCT_NAME = "$(TARGET_NAME)";
				SWIFT_EMIT_LOC_STRINGS = YES;
				SWIFT_VERSION = 5.0;
				TARGETED_DEVICE_FAMILY = "1,2";
			};
			name = Release;
		};
		DA4243222EBC6C2F0098588F /* Debug */ = {
			isa = XCBuildConfiguration;
			buildSettings = {
				ALWAYS_SEARCH_USER_PATHS = NO;
				ASSETCATALOG_COMPILER_GENERATE_SWIFT_ASSET_SYMBOL_EXTENSIONS = YES;
				CLANG_ANALYZER_NONNULL = YES;
				CLANG_ANALYZER_NUMBER_OBJECT_CONVERSION = YES_AGGRESSIVE;
				CLANG_CXX_LANGUAGE_STANDARD = "gnu++20";
				CLANG_ENABLE_MODULES = YES;
				CLANG_ENABLE_OBJC_ARC = YES;
				CLANG_ENABLE_OBJC_WEAK = YES;
				CLANG_WARN_BLOCK_CAPTURE_AUTORELEASING = YES;
				CLANG_WARN_BOOL_CONVERSION = YES;
				CLANG_WARN_COMMA = YES;
				CLANG_WARN_CONSTANT_CONVERSION = YES;
				CLANG_WARN_DEPRECATED_OBJC_IMPLEMENTATIONS = YES;
				CLANG_WARN_DIRECT_OBJC_ISA_USAGE = YES_ERROR;
				CLANG_WARN_DOCUMENTATION_COMMENTS = YES;
				CLANG_WARN_EMPTY_BODY = YES;
				CLANG_WARN_ENUM_CONVERSION = YES;
				CLANG_WARN_INFINITE_RECURSION = YES;
				CLANG_WARN_INT_CONVERSION = YES;
				CLANG_WARN_NON_LITERAL_NULL_CONVERSION = YES;
				CLANG_WARN_OBJC_IMPLICIT_RETAIN_SELF = YES;
				CLANG_WARN_OBJC_LITERAL_CONVERSION = YES;
				CLANG_WARN_OBJC_ROOT_CLASS = YES_ERROR;
				CLANG_WARN_QUOTED_INCLUDE_IN_FRAMEWORK_HEADER = YES;
				CLANG_WARN_RANGE_LOOP_ANALYSIS = YES;
				CLANG_WARN_STRICT_PROTOTYPES = YES;
				CLANG_WARN_SUSPICIOUS_MOVE = YES;
				CLANG_WARN_UNGUARDED_AVAILABILITY = YES_AGGRESSIVE;
				CLANG_WARN_UNREACHABLE_CODE = YES;
				CLANG_WARN__DUPLICATE_METHOD_MATCH = YES;
				COPY_PHASE_STRIP = NO;
				DEBUG_INFORMATION_FORMAT = dwarf;
				ENABLE_STRICT_OBJC_MSGSEND = YES;
				ENABLE_TESTABILITY = YES;
				ENABLE_USER_SCRIPT_SANDBOXING = YES;
				GCC_C_LANGUAGE_STANDARD = gnu17;
				GCC_DYNAMIC_NO_PIC = NO;
				GCC_NO_COMMON_BLOCKS = YES;
				GCC_OPTIMIZATION_LEVEL = 0;
				GCC_PREPROCESSOR_DEFINITIONS = (
					"DEBUG=1",
					"$(inherited)",
				);
				GCC_WARN_64_TO_32_BIT_CONVERSION = YES;
				GCC_WARN_ABOUT_RETURN_TYPE = YES_ERROR;
				GCC_WARN_UNDECLARED_SELECTOR = YES;
				GCC_WARN_UNINITIALIZED_AUTOS = YES_AGGRESSIVE;
				GCC_WARN_UNUSED_FUNCTION = YES;
				GCC_WARN_UNUSED_VARIABLE = YES;
				IPHONEOS_DEPLOYMENT_TARGET = 18.2;
				LOCALIZATION_PREFERS_STRING_CATALOGS = YES;
				MTL_ENABLE_DEBUG_INFO = INCLUDE_SOURCE;
				MTL_FAST_MATH = YES;
				ONLY_ACTIVE_ARCH = YES;
				SDKROOT = iphoneos;
				SWIFT_ACTIVE_COMPILATION_CONDITIONS = "DEBUG $(inherited)";
				SWIFT_OPTIMIZATION_LEVEL = "-Onone";
			};
			name = Debug;
		};
		DA4243232EBC6C2F0098588F /* Release */ = {
			isa = XCBuildConfiguration;
			buildSettings = {
				ALWAYS_SEARCH_USER_PATHS = NO;
				ASSETCATALOG_COMPILER_GENERATE_SWIFT_ASSET_SYMBOL_EXTENSIONS = YES;
				CLANG_ANALYZER_NONNULL = YES;
				CLANG_ANALYZER_NUMBER_OBJECT_CONVERSION = YES_AGGRESSIVE;
				CLANG_CXX_LANGUAGE_STANDARD = "gnu++20";
				CLANG_ENABLE_MODULES = YES;
				CLANG_ENABLE_OBJC_ARC = YES;
				CLANG_ENABLE_OBJC_WEAK = YES;
				CLANG_WARN_BLOCK_CAPTURE_AUTORELEASING = YES;
				CLANG_WARN_BOOL_CONVERSION = YES;
				CLANG_WARN_COMMA = YES;
				CLANG_WARN_CONSTANT_CONVERSION = YES;
				CLANG_WARN_DEPRECATED_OBJC_IMPLEMENTATIONS = YES;
				CLANG_WARN_DIRECT_OBJC_ISA_USAGE = YES_ERROR;
				CLANG_WARN_DOCUMENTATION_COMMENTS = YES;
				CLANG_WARN_EMPTY_BODY = YES;
				CLANG_WARN_ENUM_CONVERSION = YES;
				CLANG_WARN_INFINITE_RECURSION = YES;
				CLANG_WARN_INT_CONVERSION = YES;
				CLANG_WARN_NON_LITERAL_NULL_CONVERSION = YES;
				CLANG_WARN_OBJC_IMPLICIT_RETAIN_SELF = YES;
				CLANG_WARN_OBJC_LITERAL_CONVERSION = YES;
				CLANG_WARN_OBJC_ROOT_CLASS = YES_ERROR;
				CLANG_WARN_QUOTED_INCLUDE_IN_FRAMEWORK_HEADER = YES;
				CLANG_WARN_RANGE_LOOP_ANALYSIS = YES;
				CLANG_WARN_STRICT_PROTOTYPES = YES;
				CLANG_WARN_SUSPICIOUS_MOVE = YES;
				CLANG_WARN_UNGUARDED_AVAILABILITY = YES_AGGRESSIVE;
				CLANG_WARN_UNREACHABLE_CODE = YES;
				CLANG_WARN__DUPLICATE_METHOD_MATCH = YES;
				COPY_PHASE_STRIP = NO;
				DEBUG_INFORMATION_FORMAT = "dwarf-with-dsym";
				ENABLE_NS_ASSERTIONS = NO;
				ENABLE_STRICT_OBJC_MSGSEND = YES;
				ENABLE_USER_SCRIPT_SANDBOXING = YES;
				GCC_C_LANGUAGE_STANDARD = gnu17;
				GCC_NO_COMMON_BLOCKS = YES;
				GCC_WARN_64_TO_32_BIT_CONVERSION = YES;
				GCC_WARN_ABOUT_RETURN_TYPE = YES_ERROR;
				GCC_WARN_UNDECLARED_SELECTOR = YES;
				GCC_WARN_UNINITIALIZED_AUTOS = YES_AGGRESSIVE;
				GCC_WARN_UNUSED_FUNCTION = YES;
				GCC_WARN_UNUSED_VARIABLE = YES;
				IPHONEOS_DEPLOYMENT_TARGET = 18.2;
				LOCALIZATION_PREFERS_STRING_CATALOGS = YES;
				MTL_ENABLE_DEBUG_INFO = NO;
				MTL_FAST_MATH = YES;
				SDKROOT = iphoneos;
				SWIFT_COMPILATION_MODE = wholemodule;
				VALIDATE_PRODUCT = YES;
			};
			name = Release;
		};
		DA4243252EBC6C2F0098588F /* Debug */ = {
			isa = XCBuildConfiguration;
			buildSettings = {
				BUNDLE_LOADER = "$(TEST_HOST)";
				CODE_SIGN_STYLE = Automatic;
				CURRENT_PROJECT_VERSION = 1;
				GENERATE_INFOPLIST_FILE = YES;
				IPHONEOS_DEPLOYMENT_TARGET = 18.2;
				MARKETING_VERSION = 1.0;
				PRODUCT_BUNDLE_IDENTIFIER = "labs.Nazerke-MusicPlayerTests";
				PRODUCT_NAME = "$(TARGET_NAME)";
				SWIFT_EMIT_LOC_STRINGS = NO;
				SWIFT_VERSION = 5.0;
				TARGETED_DEVICE_FAMILY = "1,2";
				TEST_HOST = "$(BUILT_PRODUCTS_DIR)/Nazerke_MusicPlayer.app/$(BUNDLE_EXECUTABLE_FOLDER_PATH)/Nazerke_MusicPlayer";
			};
			name = Debug;
		};
		DA4243262EBC6C2F0098588F /* Release */ = {
			isa = XCBuildConfiguration;
			buildSettings = {
				BUNDLE_LOADER = "$(TEST_HOST)";
				CODE_SIGN_STYLE = Automatic;
				CURRENT_PROJECT_VERSION = 1;
				GENERATE_INFOPLIST_FILE = YES;
				IPHONEOS_DEPLOYMENT_TARGET = 18.2;
				MARKETING_VERSION = 1.0;
				PRODUCT_BUNDLE_IDENTIFIER = "labs.Nazerke-MusicPlayerTests";
				PRODUCT_NAME = "$(TARGET_NAME)";
				SWIFT_EMIT_LOC_STRINGS = NO;
				SWIFT_VERSION = 5.0;
				TARGETED_DEVICE_FAMILY = "1,2";
				TEST_HOST = "$(BUILT_PRODUCTS_DIR)/Nazerke_MusicPlayer.app/$(BUNDLE_EXECUTABLE_FOLDER_PATH)/Nazerke_MusicPlayer";
			};
			name = Release;
		};
		DA4243282EBC6C2F0098588F /* Debug */ = {
			isa = XCBuildConfiguration;
			buildSettings = {
				CODE_SIGN_STYLE = Automatic;
				CURRENT_PROJECT_VERSION = 1;
				GENERATE_INFOPLIST_FILE = YES;
				MARKETING_VERSION = 1.0;
				PRODUCT_BUNDLE_IDENTIFIER = "labs.Nazerke-MusicPlayerUITests";
				PRODUCT_NAME = "$(TARGET_NAME)";
				SWIFT_EMIT_LOC_STRINGS = NO;
				SWIFT_VERSION = 5.0;
				TARGETED_DEVICE_FAMILY = "1,2";
				TEST_TARGET_NAME = Nazerke_MusicPlayer;
			};
			name = Debug;
		};
		DA4243292EBC6C2F0098588F /* Release */ = {
			isa = XCBuildConfiguration;
			buildSettings = {
				CODE_SIGN_STYLE = Automatic;
				CURRENT_PROJECT_VERSION = 1;
				GENERATE_INFOPLIST_FILE = YES;
				MARKETING_VERSION = 1.0;
				PRODUCT_BUNDLE_IDENTIFIER = "labs.Nazerke-MusicPlayerUITests";
				PRODUCT_NAME = "$(TARGET_NAME)";
				SWIFT_EMIT_LOC_STRINGS = NO;
				SWIFT_VERSION = 5.0;
				TARGETED_DEVICE_FAMILY = "1,2";
				TEST_TARGET_NAME = Nazerke_MusicPlayer;
			};
			name = Release;
		};
/* End XCBuildConfiguration section */

/* Begin XCConfigurationList section */
		DA4242F12EBC6C2E0098588F /* Build configuration list for PBXProject "Nazerke_MusicPlayer" */ = {
			isa = XCConfigurationList;
			buildConfigurations = (
				DA4243222EBC6C2F0098588F /* Debug */,
				DA4243232EBC6C2F0098588F /* Release */,
			);
			defaultConfigurationIsVisible = 0;
			defaultConfigurationName = Release;
		};
		DA42431F2EBC6C2F0098588F /* Build configuration list for PBXNativeTarget "Nazerke_MusicPlayer" */ = {
			isa = XCConfigurationList;
			buildConfigurations = (
				DA4243202EBC6C2F0098588F /* Debug */,
				DA4243212EBC6C2F0098588F /* Release */,
			);
			defaultConfigurationIsVisible = 0;
			defaultConfigurationName = Release;
		};
		DA4243242EBC6C2F0098588F /* Build configuration list for PBXNativeTarget "Nazerke_MusicPlayerTests" */ = {
			isa = XCConfigurationList;
			buildConfigurations = (
				DA4243252EBC6C2F0098588F /* Debug */,
				DA4243262EBC6C2F0098588F /* Release */,
			);
			defaultConfigurationIsVisible = 0;
			defaultConfigurationName = Release;
		};
		DA4243272EBC6C2F0098588F /* Build configuration list for PBXNativeTarget "Nazerke_MusicPlayerUITests" */ = {
			isa = XCConfigurationList;
			buildConfigurations = (
				DA4243282EBC6C2F0098588F /* Debug */,
				DA4243292EBC6C2F0098588F /* Release */,
			);
			defaultConfigurationIsVisible = 0;
			defaultConfigurationName = Release;
		};
/* End XCConfigurationList section */
	};
	rootObject = DA4242EE2EBC6C2E0098588F /* Project object */;
}
